Microsoft Visual Studio Solution File, Format Version 12.00
# Visual Studio 14
VisualStudioVersion = 14.0.24720.0
MinimumVisualStudioVersion = 10.0.40219.1
Project("{8BC9CEB8-8B4A-11D0-8D11-00A0C91BC942}") = "libUnicornio-WinPhone81", "libUnicornio-WinPhone81.vcxproj", "{411F4BEE-A5F2-4EBD-AF41-48729BA7F8F3}"
EndProject
Project("{2150E333-8FDC-42A3-9474-1A3956D46DE8}") = "SDL2", "SDL2", "{6C4CC36B-C6E7-41FD-BA1A-58FCF0637DDA}"
EndProject
Project("{2150E333-8FDC-42A3-9474-1A3956D46DE8}") = "SDL2_image", "SDL2_image", "{E4C7AFBB-99E1-4027-B29F-BF13D51CBB56}"
EndProject
Project("{2150E333-8FDC-42A3-9474-1A3956D46DE8}") = "SDL2_mixer", "SDL2_mixer", "{DBCA0954-4CE0-46F4-9910-FD9F62C6F410}"
EndProject
Project("{2150E333-8FDC-42A3-9474-1A3956D46DE8}") = "SDL2_ttf", "SDL2_ttf", "{F8FF94E3-F1C0-4E36-9D68-F097BAC53C7E}"
EndProject
Project("{8BC9CEB8-8B4A-11D0-8D11-00A0C91BC942}") = "SDL2-WinPhone81", "..\..\dep\SDL2\VisualC-WinRT\WinPhone81_VS2013\SDL-WinPhone81.vcxproj", "{48FADC0E-964D-4DAB-BCED-372E0AD19577}"
EndProject
Project("{8BC9CEB8-8B4A-11D0-8D11-00A0C91BC942}") = "jpeg-WinPhone81", "..\..\dep\SDL2_image\VisualC-WinRT\WinPhone81_VS2013\jpeg-WinPhone81.vcxproj", "{4F241F1F-6636-47A9-AEB2-5B5157961B51}"
EndProject
Project("{8BC9CEB8-8B4A-11D0-8D11-00A0C91BC942}") = "libpng-WinPhone81", "..\..\dep\SDL2_image\VisualC-WinRT\WinPhone81_VS2013\libpng-WinPhone81.vcxproj", "{C396C32A-1A8D-4711-A3DB-206F188FC738}"
EndProject
Project("{8BC9CEB8-8B4A-11D0-8D11-00A0C91BC942}") = "libwebp-WinPhone81", "..\..\dep\SDL2_image\VisualC-WinRT\WinPhone81_VS2013\libwebp-WinPhone81.vcxproj", "{9DC4D90A-0D6D-4150-9049-1F4358B59E06}"
EndProject
Project("{8BC9CEB8-8B4A-11D0-8D11-00A0C91BC942}") = "zlib-WinPhone81", "..\..\dep\SDL2_image\VisualC-WinRT\WinPhone81_VS2013\zlib-WinPhone81.vcxproj", "{183B6F21-DD86-49A1-BA70-C97D7C404469}"
EndProject
Project("{8BC9CEB8-8B4A-11D0-8D11-00A0C91BC942}") = "SDL2_image-WinPhone81", "..\..\dep\SDL2_image\VisualC-WinRT\WinPhone81_VS2013\SDL_image-WinPhone81.vcxproj", "{1444BB95-670B-4878-851B-7ED8DA0629A3}"
EndProject
Project("{8BC9CEB8-8B4A-11D0-8D11-00A0C91BC942}") = "libogg_dynamic-WinPhone81", "..\..\dep\SDL2_mixer\VisualC-WinRT\WinPhone81_VS2013\libogg_dynamic-WinPhone81.vcxproj", "{0CCC2E56-E3A4-4CD7-92BA-0C6F99440753}"
EndProject
Project("{8BC9CEB8-8B4A-11D0-8D11-00A0C91BC942}") = "libvorbis_dynamic-WinPhone81", "..\..\dep\SDL2_mixer\VisualC-WinRT\WinPhone81_VS2013\libvorbis_dynamic-WinPhone81.vcxproj", "{C943DBC9-4EB0-4684-BE3E-334342A7EE2C}"
EndProject
Project("{8BC9CEB8-8B4A-11D0-8D11-00A0C91BC942}") = "libvorbisfile_dynamic-WinPhone81", "..\..\dep\SDL2_mixer\VisualC-WinRT\WinPhone81_VS2013\libvorbisfile_dynamic-WinPhone81.vcxproj", "{203EFCC5-CE11-4A75-92F4-C3DBF7609376}"
EndProject
Project("{8BC9CEB8-8B4A-11D0-8D11-00A0C91BC942}") = "SDL2_mixer-WinPhone81", "..\..\dep\SDL2_mixer\VisualC-WinRT\WinPhone81_VS2013\SDL_mixer-WinPhone81.vcxproj", "{FB75C3D3-D261-4575-9D17-9E88E09568BA}"
EndProject
Project("{8BC9CEB8-8B4A-11D0-8D11-00A0C91BC942}") = "freetype-WinPhone81", "..\..\dep\SDL2_ttf\VisualC-WinRT\WinPhone81_VS2013\freetype-WinPhone81.vcxproj", "{7B62BBD5-2F9D-428F-A1EE-857E485592F7}"
EndProject
Project("{8BC9CEB8-8B4A-11D0-8D11-00A0C91BC942}") = "SDL2_ttf-WinPhone81", "..\..\dep\SDL2_ttf\VisualC-WinRT\WinPhone81_VS2013\SDL_ttf-WinPhone81.vcxproj", "{7EC61741-D45B-4A6E-ABA2-525E3A3F3A76}"
EndProject
Global
	GlobalSection(SolutionConfigurationPlatforms) = preSolution
		Debug|ARM = Debug|ARM
		Debug|x64 = Debug|x64
		Debug|x86 = Debug|x86
		Release|ARM = Release|ARM
		Release|x64 = Release|x64
		Release|x86 = Release|x86
	EndGlobalSection
	GlobalSection(ProjectConfigurationPlatforms) = postSolution
		{411F4BEE-A5F2-4EBD-AF41-48729BA7F8F3}.Debug|ARM.ActiveCfg = Debug|ARM
		{411F4BEE-A5F2-4EBD-AF41-48729BA7F8F3}.Debug|ARM.Build.0 = Debug|ARM
		{411F4BEE-A5F2-4EBD-AF41-48729BA7F8F3}.Debug|x64.ActiveCfg = Debug|Win32
		{411F4BEE-A5F2-4EBD-AF41-48729BA7F8F3}.Debug|x86.ActiveCfg = Debug|Win32
		{411F4BEE-A5F2-4EBD-AF41-48729BA7F8F3}.Debug|x86.Build.0 = Debug|Win32
		{411F4BEE-A5F2-4EBD-AF41-48729BA7F8F3}.Release|ARM.ActiveCfg = Release|ARM
		{411F4BEE-A5F2-4EBD-AF41-48729BA7F8F3}.Release|ARM.Build.0 = Release|ARM
		{411F4BEE-A5F2-4EBD-AF41-48729BA7F8F3}.Release|x64.ActiveCfg = Release|Win32
		{411F4BEE-A5F2-4EBD-AF41-48729BA7F8F3}.Release|x86.ActiveCfg = Release|Win32
		{411F4BEE-A5F2-4EBD-AF41-48729BA7F8F3}.Release|x86.Build.0 = Release|Win32
		{48FADC0E-964D-4DAB-BCED-372E0AD19577}.Debug|ARM.ActiveCfg = Debug|ARM
		{48FADC0E-964D-4DAB-BCED-372E0AD19577}.Debug|ARM.Build.0 = Debug|ARM
		{48FADC0E-964D-4DAB-BCED-372E0AD19577}.Debug|x64.ActiveCfg = Debug|Win32
		{48FADC0E-964D-4DAB-BCED-372E0AD19577}.Debug|x86.ActiveCfg = Debug|Win32
		{48FADC0E-964D-4DAB-BCED-372E0AD19577}.Debug|x86.Build.0 = Debug|Win32
		{48FADC0E-964D-4DAB-BCED-372E0AD19577}.Release|ARM.ActiveCfg = Release|ARM
		{48FADC0E-964D-4DAB-BCED-372E0AD19577}.Release|ARM.Build.0 = Release|ARM
		{48FADC0E-964D-4DAB-BCED-372E0AD19577}.Release|x64.ActiveCfg = Release|Win32
		{48FADC0E-964D-4DAB-BCED-372E0AD19577}.Release|x86.ActiveCfg = Release|Win32
		{48FADC0E-964D-4DAB-BCED-372E0AD19577}.Release|x86.Build.0 = Release|Win32
		{4F241F1F-6636-47A9-AEB2-5B5157961B51}.Debug|ARM.ActiveCfg = Debug|ARM
		{4F241F1F-6636-47A9-AEB2-5B5157961B51}.Debug|ARM.Build.0 = Debug|ARM
		{4F241F1F-6636-47A9-AEB2-5B5157961B51}.Debug|x64.ActiveCfg = Debug|Win32
		{4F241F1F-6636-47A9-AEB2-5B5157961B51}.Debug|x86.ActiveCfg = Debug|Win32
		{4F241F1F-6636-47A9-AEB2-5B5157961B51}.Debug|x86.Build.0 = Debug|Win32
		{4F241F1F-6636-47A9-AEB2-5B5157961B51}.Release|ARM.ActiveCfg = Release|ARM
		{4F241F1F-6636-47A9-AEB2-5B5157961B51}.Release|ARM.Build.0 = Release|ARM
		{4F241F1F-6636-47A9-AEB2-5B5157961B51}.Release|x64.ActiveCfg = Release|Win32
		{4F241F1F-6636-47A9-AEB2-5B5157961B51}.Release|x86.ActiveCfg = Release|Win32
		{4F241F1F-6636-47A9-AEB2-5B5157961B51}.Release|x86.Build.0 = Release|Win32
		{C396C32A-1A8D-4711-A3DB-206F188FC738}.Debug|ARM.ActiveCfg = Debug|ARM
		{C396C32A-1A8D-4711-A3DB-206F188FC738}.Debug|ARM.Build.0 = Debug|ARM
		{C396C32A-1A8D-4711-A3DB-206F188FC738}.Debug|x64.ActiveCfg = Debug|Win32
		{C396C32A-1A8D-4711-A3DB-206F188FC738}.Debug|x86.ActiveCfg = Debug|Win32
		{C396C32A-1A8D-4711-A3DB-206F188FC738}.Debug|x86.Build.0 = Debug|Win32
		{C396C32A-1A8D-4711-A3DB-206F188FC738}.Release|ARM.ActiveCfg = Release|ARM
		{C396C32A-1A8D-4711-A3DB-206F188FC738}.Release|ARM.Build.0 = Release|ARM
		{C396C32A-1A8D-4711-A3DB-206F188FC738}.Release|x64.ActiveCfg = Release|Win32
		{C396C32A-1A8D-4711-A3DB-206F188FC738}.Release|x86.ActiveCfg = Release|Win32
		{C396C32A-1A8D-4711-A3DB-206F188FC738}.Release|x86.Build.0 = Release|Win32
		{9DC4D90A-0D6D-4150-9049-1F4358B59E06}.Debug|ARM.ActiveCfg = Debug|ARM
		{9DC4D90A-0D6D-4150-9049-1F4358B59E06}.Debug|ARM.Build.0 = Debug|ARM
		{9DC4D90A-0D6D-4150-9049-1F4358B59E06}.Debug|x64.ActiveCfg = Debug|Win32
		{9DC4D90A-0D6D-4150-9049-1F4358B59E06}.Debug|x86.ActiveCfg = Debug|Win32
		{9DC4D90A-0D6D-4150-9049-1F4358B59E06}.Debug|x86.Build.0 = Debug|Win32
		{9DC4D90A-0D6D-4150-9049-1F4358B59E06}.Release|ARM.ActiveCfg = Release|ARM
		{9DC4D90A-0D6D-4150-9049-1F4358B59E06}.Release|ARM.Build.0 = Release|ARM
		{9DC4D90A-0D6D-4150-9049-1F4358B59E06}.Release|x64.ActiveCfg = Release|Win32
		{9DC4D90A-0D6D-4150-9049-1F4358B59E06}.Release|x86.ActiveCfg = Release|Win32
		{9DC4D90A-0D6D-4150-9049-1F4358B59E06}.Release|x86.Build.0 = Release|Win32
		{183B6F21-DD86-49A1-BA70-C97D7C404469}.Debug|ARM.ActiveCfg = Debug|ARM
		{183B6F21-DD86-49A1-BA70-C97D7C404469}.Debug|ARM.Build.0 = Debug|ARM
		{183B6F21-DD86-49A1-BA70-C97D7C404469}.Debug|x64.ActiveCfg = Debug|Win32
		{183B6F21-DD86-49A1-BA70-C97D7C404469}.Debug|x86.ActiveCfg = Debug|Win32
		{183B6F21-DD86-49A1-BA70-C97D7C404469}.Debug|x86.Build.0 = Debug|Win32
		{183B6F21-DD86-49A1-BA70-C97D7C404469}.Release|ARM.ActiveCfg = Release|ARM
		{183B6F21-DD86-49A1-BA70-C97D7C404469}.Release|ARM.Build.0 = Release|ARM
		{183B6F21-DD86-49A1-BA70-C97D7C404469}.Release|x64.ActiveCfg = Release|Win32
		{183B6F21-DD86-49A1-BA70-C97D7C404469}.Release|x86.ActiveCfg = Release|Win32
		{183B6F21-DD86-49A1-BA70-C97D7C404469}.Release|x86.Build.0 = Release|Win32
		{1444BB95-670B-4878-851B-7ED8DA0629A3}.Debug|ARM.ActiveCfg = Debug|ARM
		{1444BB95-670B-4878-851B-7ED8DA0629A3}.Debug|ARM.Build.0 = Debug|ARM
		{1444BB95-670B-4878-851B-7ED8DA0629A3}.Debug|x64.ActiveCfg = Debug|Win32
		{1444BB95-670B-4878-851B-7ED8DA0629A3}.Debug|x86.ActiveCfg = Debug|Win32
		{1444BB95-670B-4878-851B-7ED8DA0629A3}.Debug|x86.Build.0 = Debug|Win32
		{1444BB95-670B-4878-851B-7ED8DA0629A3}.Release|ARM.ActiveCfg = Release|ARM
		{1444BB95-670B-4878-851B-7ED8DA0629A3}.Release|ARM.Build.0 = Release|ARM
		{1444BB95-670B-4878-851B-7ED8DA0629A3}.Release|x64.ActiveCfg = Release|Win32
		{1444BB95-670B-4878-851B-7ED8DA0629A3}.Release|x86.ActiveCfg = Release|Win32
		{1444BB95-670B-4878-851B-7ED8DA0629A3}.Release|x86.Build.0 = Release|Win32
		{0CCC2E56-E3A4-4CD7-92BA-0C6F99440753}.Debug|ARM.ActiveCfg = Debug|ARM
		{0CCC2E56-E3A4-4CD7-92BA-0C6F99440753}.Debug|ARM.Build.0 = Debug|ARM
		{0CCC2E56-E3A4-4CD7-92BA-0C6F99440753}.Debug|x64.ActiveCfg = Debug|Win32
		{0CCC2E56-E3A4-4CD7-92BA-0C6F99440753}.Debug|x86.ActiveCfg = Debug|Win32
		{0CCC2E56-E3A4-4CD7-92BA-0C6F99440753}.Debug|x86.Build.0 = Debug|Win32
		{0CCC2E56-E3A4-4CD7-92BA-0C6F99440753}.Release|ARM.ActiveCfg = Release|ARM
		{0CCC2E56-E3A4-4CD7-92BA-0C6F99440753}.Release|ARM.Build.0 = Release|ARM
		{0CCC2E56-E3A4-4CD7-92BA-0C6F99440753}.Release|x64.ActiveCfg = Release|Win32
		{0CCC2E56-E3A4-4CD7-92BA-0C6F99440753}.Release|x86.ActiveCfg = Release|Win32
		{0CCC2E56-E3A4-4CD7-92BA-0C6F99440753}.Release|x86.Build.0 = Release|Win32
		{C943DBC9-4EB0-4684-BE3E-334342A7EE2C}.Debug|ARM.ActiveCfg = Debug|ARM
		{C943DBC9-4EB0-4684-BE3E-334342A7EE2C}.Debug|ARM.Build.0 = Debug|ARM
		{C943DBC9-4EB0-4684-BE3E-334342A7EE2C}.Debug|x64.ActiveCfg = Debug|Win32
		{C943DBC9-4EB0-4684-BE3E-334342A7EE2C}.Debug|x86.ActiveCfg = Debug|Win32
		{C943DBC9-4EB0-4684-BE3E-334342A7EE2C}.Debug|x86.Build.0 = Debug|Win32
		{C943DBC9-4EB0-4684-BE3E-334342A7EE2C}.Release|ARM.ActiveCfg = Release|ARM
		{C943DBC9-4EB0-4684-BE3E-334342A7EE2C}.Release|ARM.Build.0 = Release|ARM
		{C943DBC9-4EB0-4684-BE3E-334342A7EE2C}.Release|x64.ActiveCfg = Release|Win32
		{C943DBC9-4EB0-4684-BE3E-334342A7EE2C}.Release|x86.ActiveCfg = Release|Win32
		{C943DBC9-4EB0-4684-BE3E-334342A7EE2C}.Release|x86.Build.0 = Release|Win32
		{203EFCC5-CE11-4A75-92F4-C3DBF7609376}.Debug|ARM.ActiveCfg = Debug|ARM
		{203EFCC5-CE11-4A75-92F4-C3DBF7609376}.Debug|ARM.Build.0 = Debug|ARM
		{203EFCC5-CE11-4A75-92F4-C3DBF7609376}.Debug|x64.ActiveCfg = Debug|Win32
		{203EFCC5-CE11-4A75-92F4-C3DBF7609376}.Debug|x86.ActiveCfg = Debug|Win32
		{203EFCC5-CE11-4A75-92F4-C3DBF7609376}.Debug|x86.Build.0 = Debug|Win32
		{203EFCC5-CE11-4A75-92F4-C3DBF7609376}.Release|ARM.ActiveCfg = Release|ARM
		{203EFCC5-CE11-4A75-92F4-C3DBF7609376}.Release|ARM.Build.0 = Release|ARM
		{203EFCC5-CE11-4A75-92F4-C3DBF7609376}.Release|x64.ActiveCfg = Release|Win32
		{203EFCC5-CE11-4A75-92F4-C3DBF7609376}.Release|x86.ActiveCfg = Release|Win32
		{203EFCC5-CE11-4A75-92F4-C3DBF7609376}.Release|x86.Build.0 = Release|Win32
		{FB75C3D3-D261-4575-9D17-9E88E09568BA}.Debug|ARM.ActiveCfg = Debug|ARM
		{FB75C3D3-D261-4575-9D17-9E88E09568BA}.Debug|ARM.Build.0 = Debug|ARM
		{FB75C3D3-D261-4575-9D17-9E88E09568BA}.Debug|x64.ActiveCfg = Debug|Win32
		{FB75C3D3-D261-4575-9D17-9E88E09568BA}.Debug|x86.ActiveCfg = Debug|Win32
		{FB75C3D3-D261-4575-9D17-9E88E09568BA}.Debug|x86.Build.0 = Debug|Win32
		{FB75C3D3-D261-4575-9D17-9E88E09568BA}.Release|ARM.ActiveCfg = Release|ARM
		{FB75C3D3-D261-4575-9D17-9E88E09568BA}.Release|ARM.Build.0 = Release|ARM
		{FB75C3D3-D261-4575-9D17-9E88E09568BA}.Release|x64.ActiveCfg = Release|Win32
		{FB75C3D3-D261-4575-9D17-9E88E09568BA}.Release|x86.ActiveCfg = Release|Win32
		{FB75C3D3-D261-4575-9D17-9E88E09568BA}.Release|x86.Build.0 = Release|Win32
		{7B62BBD5-2F9D-428F-A1EE-857E485592F7}.Debug|ARM.ActiveCfg = Debug|ARM
		{7B62BBD5-2F9D-428F-A1EE-857E485592F7}.Debug|ARM.Build.0 = Debug|ARM
		{7B62BBD5-2F9D-428F-A1EE-857E485592F7}.Debug|x64.ActiveCfg = Debug|Win32
		{7B62BBD5-2F9D-428F-A1EE-857E485592F7}.Debug|x86.ActiveCfg = Debug|Win32
		{7B62BBD5-2F9D-428F-A1EE-857E485592F7}.Debug|x86.Build.0 = Debug|Win32
		{7B62BBD5-2F9D-428F-A1EE-857E485592F7}.Release|ARM.ActiveCfg = Release|ARM
		{7B62BBD5-2F9D-428F-A1EE-857E485592F7}.Release|ARM.Build.0 = Release|ARM
		{7B62BBD5-2F9D-428F-A1EE-857E485592F7}.Release|x64.ActiveCfg = Release|Win32
		{7B62BBD5-2F9D-428F-A1EE-857E485592F7}.Release|x86.ActiveCfg = Release|Win32
		{7B62BBD5-2F9D-428F-A1EE-857E485592F7}.Release|x86.Build.0 = Release|Win32
		{7EC61741-D45B-4A6E-ABA2-525E3A3F3A76}.Debug|ARM.ActiveCfg = Debug|ARM
		{7EC61741-D45B-4A6E-ABA2-525E3A3F3A76}.Debug|ARM.Build.0 = Debug|ARM
		{7EC61741-D45B-4A6E-ABA2-525E3A3F3A76}.Debug|x64.ActiveCfg = Debug|Win32
		{7EC61741-D45B-4A6E-ABA2-525E3A3F3A76}.Debug|x86.ActiveCfg = Debug|Win32
		{7EC61741-D45B-4A6E-ABA2-525E3A3F3A76}.Debug|x86.Build.0 = Debug|Win32
		{7EC61741-D45B-4A6E-ABA2-525E3A3F3A76}.Release|ARM.ActiveCfg = Release|ARM
		{7EC61741-D45B-4A6E-ABA2-525E3A3F3A76}.Release|ARM.Build.0 = Release|ARM
		{7EC61741-D45B-4A6E-ABA2-525E3A3F3A76}.Release|x64.ActiveCfg = Release|Win32
		{7EC61741-D45B-4A6E-ABA2-525E3A3F3A76}.Release|x86.ActiveCfg = Release|Win32
		{7EC61741-D45B-4A6E-ABA2-525E3A3F3A76}.Release|x86.Build.0 = Release|Win32
	EndGlobalSection
	GlobalSection(SolutionProperties) = preSolution
		HideSolutionNode = FALSE
	EndGlobalSection
	GlobalSection(NestedProjects) = preSolution
		{48FADC0E-964D-4DAB-BCED-372E0AD19577} = {6C4CC36B-C6E7-41FD-BA1A-58FCF0637DDA}
		{4F241F1F-6636-47A9-AEB2-5B5157961B51} = {E4C7AFBB-99E1-4027-B29F-BF13D51CBB56}
		{C396C32A-1A8D-4711-A3DB-206F188FC738} = {E4C7AFBB-99E1-4027-B29F-BF13D51CBB56}
		{9DC4D90A-0D6D-4150-9049-1F4358B59E06} = {E4C7AFBB-99E1-4027-B29F-BF13D51CBB56}
		{183B6F21-DD86-49A1-BA70-C97D7C404469} = {E4C7AFBB-99E1-4027-B29F-BF13D51CBB56}
		{1444BB95-670B-4878-851B-7ED8DA0629A3} = {E4C7AFBB-99E1-4027-B29F-BF13D51CBB56}
		{0CCC2E56-E3A4-4CD7-92BA-0C6F99440753} = {DBCA0954-4CE0-46F4-9910-FD9F62C6F410}
		{C943DBC9-4EB0-4684-BE3E-334342A7EE2C} = {DBCA0954-4CE0-46F4-9910-FD9F62C6F410}
		{203EFCC5-CE11-4A75-92F4-C3DBF7609376} = {DBCA0954-4CE0-46F4-9910-FD9F62C6F410}
		{FB75C3D3-D261-4575-9D17-9E88E09568BA} = {DBCA0954-4CE0-46F4-9910-FD9F62C6F410}
		{7B62BBD5-2F9D-428F-A1EE-857E485592F7} = {F8FF94E3-F1C0-4E36-9D68-F097BAC53C7E}
		{7EC61741-D45B-4A6E-ABA2-525E3A3F3A76} = {F8FF94E3-F1C0-4E36-9D68-F097BAC53C7E}
	EndGlobalSection
EndGlobal
