Microsoft Visual Studio Solution File, Format Version 12.00
# Visual Studio 14
VisualStudioVersion = 14.0.24720.0
MinimumVisualStudioVersion = 10.0.40219.1
Project("{2150E333-8FDC-42A3-9474-1A3956D46DE8}") = "SDL2", "SDL2", "{0E84EC14-CB64-4996-8581-F6DA87D8CF24}"
EndProject
Project("{2150E333-8FDC-42A3-9474-1A3956D46DE8}") = "SDL2_image", "SDL2_image", "{521DE623-67A5-430C-AE51-6E70227FF882}"
EndProject
Project("{2150E333-8FDC-42A3-9474-1A3956D46DE8}") = "SDL2_mixer", "SDL2_mixer", "{CB7D4029-CB5F-4791-AAAC-7D99F3B5C48F}"
EndProject
Project("{2150E333-8FDC-42A3-9474-1A3956D46DE8}") = "SDL2_ttf", "SDL2_ttf", "{B6D91579-0612-4338-93A4-3C555224CB07}"
EndProject
Project("{8BC9CEB8-8B4A-11D0-8D11-00A0C91BC942}") = "SDL2-WinRT81", "..\..\dep\SDL2\VisualC-WinRT\WinRT81_VS2013\SDL-WinRT81.vcxproj", "{C8DF6173-06A1-4F56-A9BC-2002596B30E9}"
EndProject
Project("{8BC9CEB8-8B4A-11D0-8D11-00A0C91BC942}") = "jpeg-WinRT81", "..\..\dep\SDL2_image\VisualC-WinRT\WinRT81_VS2013\jpeg-WinRT81.vcxproj", "{2E908AD5-95E9-4B2D-BD6E-BA3EA4C1A2EE}"
EndProject
Project("{8BC9CEB8-8B4A-11D0-8D11-00A0C91BC942}") = "libpng-WinRT81", "..\..\dep\SDL2_image\VisualC-WinRT\WinRT81_VS2013\libpng-WinRT81.vcxproj", "{5FBDC49A-7939-40F9-B78E-975F190ADBD3}"
EndProject
Project("{8BC9CEB8-8B4A-11D0-8D11-00A0C91BC942}") = "libwebp-WinRT81", "..\..\dep\SDL2_image\VisualC-WinRT\WinRT81_VS2013\libwebp-WinRT81.vcxproj", "{1EB035A3-815A-4382-90D3-4510AB605AD9}"
EndProject
Project("{8BC9CEB8-8B4A-11D0-8D11-00A0C91BC942}") = "zlib-WinRT81", "..\..\dep\SDL2_image\VisualC-WinRT\WinRT81_VS2013\zlib-WinRT81.vcxproj", "{ACEA4101-6F4A-44ED-9EC1-289821DAC711}"
EndProject
Project("{8BC9CEB8-8B4A-11D0-8D11-00A0C91BC942}") = "SDL2_image-WinRT81", "..\..\dep\SDL2_image\VisualC-WinRT\WinRT81_VS2013\SDL_image-WinRT81.vcxproj", "{29B4D11F-59F3-4EBC-A769-3BABD140DB9A}"
EndProject
Project("{8BC9CEB8-8B4A-11D0-8D11-00A0C91BC942}") = "libogg_dynamic-WinRT81", "..\..\dep\SDL2_mixer\VisualC-WinRT\WinRT81_VS2013\libogg_dynamic-WinRT81.vcxproj", "{6BC6349C-E355-4F1C-9290-FF755114A84B}"
EndProject
Project("{8BC9CEB8-8B4A-11D0-8D11-00A0C91BC942}") = "libvorbis_dynamic-WinRT81", "..\..\dep\SDL2_mixer\VisualC-WinRT\WinRT81_VS2013\libvorbis_dynamic-WinRT81.vcxproj", "{E3AB27F1-EB89-4C65-85DF-CB6A4F805753}"
EndProject
Project("{8BC9CEB8-8B4A-11D0-8D11-00A0C91BC942}") = "libvorbisfile_dynamic-WinRT81", "..\..\dep\SDL2_mixer\VisualC-WinRT\WinRT81_VS2013\libvorbisfile_dynamic-WinRT81.vcxproj", "{936B2819-2364-45D9-901D-52878914FAFA}"
EndProject
Project("{8BC9CEB8-8B4A-11D0-8D11-00A0C91BC942}") = "SDL2_mixer-WinRT81", "..\..\dep\SDL2_mixer\VisualC-WinRT\WinRT81_VS2013\SDL_mixer-WinRT81.vcxproj", "{3A833C7A-C776-4202-9DBD-BC879B23C605}"
EndProject
Project("{8BC9CEB8-8B4A-11D0-8D11-00A0C91BC942}") = "freetype-WinRT81", "..\..\dep\SDL2_ttf\VisualC-WinRT\WinRT81_VS2013\freetype-WinRT81.vcxproj", "{1264471F-847F-427D-8DB6-B733F188FFB9}"
EndProject
Project("{8BC9CEB8-8B4A-11D0-8D11-00A0C91BC942}") = "SDL2_ttf-WinRT81", "..\..\dep\SDL2_ttf\VisualC-WinRT\WinRT81_VS2013\SDL_ttf-WinRT81.vcxproj", "{90CA40DC-84B4-4D06-91D1-DC82A7A1E4D0}"
EndProject
Project("{8BC9CEB8-8B4A-11D0-8D11-00A0C91BC942}") = "libUnicornio-Win81", "libUnicornio-Win81.vcxproj", "{F18BCD55-A6FA-46B7-9E42-67164B9CD731}"
EndProject
Global
	GlobalSection(SolutionConfigurationPlatforms) = preSolution
		Debug|ARM = Debug|ARM
		Debug|x64 = Debug|x64
		Debug|x86 = Debug|x86
		Release|ARM = Release|ARM
		Release|x64 = Release|x64
		Release|x86 = Release|x86
	EndGlobalSection
	GlobalSection(ProjectConfigurationPlatforms) = postSolution
		{C8DF6173-06A1-4F56-A9BC-2002596B30E9}.Debug|ARM.ActiveCfg = Debug|ARM
		{C8DF6173-06A1-4F56-A9BC-2002596B30E9}.Debug|ARM.Build.0 = Debug|ARM
		{C8DF6173-06A1-4F56-A9BC-2002596B30E9}.Debug|x64.ActiveCfg = Debug|x64
		{C8DF6173-06A1-4F56-A9BC-2002596B30E9}.Debug|x64.Build.0 = Debug|x64
		{C8DF6173-06A1-4F56-A9BC-2002596B30E9}.Debug|x86.ActiveCfg = Debug|Win32
		{C8DF6173-06A1-4F56-A9BC-2002596B30E9}.Debug|x86.Build.0 = Debug|Win32
		{C8DF6173-06A1-4F56-A9BC-2002596B30E9}.Release|ARM.ActiveCfg = Release|ARM
		{C8DF6173-06A1-4F56-A9BC-2002596B30E9}.Release|ARM.Build.0 = Release|ARM
		{C8DF6173-06A1-4F56-A9BC-2002596B30E9}.Release|x64.ActiveCfg = Release|x64
		{C8DF6173-06A1-4F56-A9BC-2002596B30E9}.Release|x64.Build.0 = Release|x64
		{C8DF6173-06A1-4F56-A9BC-2002596B30E9}.Release|x86.ActiveCfg = Release|Win32
		{C8DF6173-06A1-4F56-A9BC-2002596B30E9}.Release|x86.Build.0 = Release|Win32
		{2E908AD5-95E9-4B2D-BD6E-BA3EA4C1A2EE}.Debug|ARM.ActiveCfg = Debug|ARM
		{2E908AD5-95E9-4B2D-BD6E-BA3EA4C1A2EE}.Debug|ARM.Build.0 = Debug|ARM
		{2E908AD5-95E9-4B2D-BD6E-BA3EA4C1A2EE}.Debug|x64.ActiveCfg = Debug|x64
		{2E908AD5-95E9-4B2D-BD6E-BA3EA4C1A2EE}.Debug|x64.Build.0 = Debug|x64
		{2E908AD5-95E9-4B2D-BD6E-BA3EA4C1A2EE}.Debug|x86.ActiveCfg = Debug|Win32
		{2E908AD5-95E9-4B2D-BD6E-BA3EA4C1A2EE}.Debug|x86.Build.0 = Debug|Win32
		{2E908AD5-95E9-4B2D-BD6E-BA3EA4C1A2EE}.Release|ARM.ActiveCfg = Release|ARM
		{2E908AD5-95E9-4B2D-BD6E-BA3EA4C1A2EE}.Release|ARM.Build.0 = Release|ARM
		{2E908AD5-95E9-4B2D-BD6E-BA3EA4C1A2EE}.Release|x64.ActiveCfg = Release|x64
		{2E908AD5-95E9-4B2D-BD6E-BA3EA4C1A2EE}.Release|x64.Build.0 = Release|x64
		{2E908AD5-95E9-4B2D-BD6E-BA3EA4C1A2EE}.Release|x86.ActiveCfg = Release|Win32
		{2E908AD5-95E9-4B2D-BD6E-BA3EA4C1A2EE}.Release|x86.Build.0 = Release|Win32
		{5FBDC49A-7939-40F9-B78E-975F190ADBD3}.Debug|ARM.ActiveCfg = Debug|ARM
		{5FBDC49A-7939-40F9-B78E-975F190ADBD3}.Debug|ARM.Build.0 = Debug|ARM
		{5FBDC49A-7939-40F9-B78E-975F190ADBD3}.Debug|x64.ActiveCfg = Debug|x64
		{5FBDC49A-7939-40F9-B78E-975F190ADBD3}.Debug|x64.Build.0 = Debug|x64
		{5FBDC49A-7939-40F9-B78E-975F190ADBD3}.Debug|x86.ActiveCfg = Debug|Win32
		{5FBDC49A-7939-40F9-B78E-975F190ADBD3}.Debug|x86.Build.0 = Debug|Win32
		{5FBDC49A-7939-40F9-B78E-975F190ADBD3}.Release|ARM.ActiveCfg = Release|ARM
		{5FBDC49A-7939-40F9-B78E-975F190ADBD3}.Release|ARM.Build.0 = Release|ARM
		{5FBDC49A-7939-40F9-B78E-975F190ADBD3}.Release|x64.ActiveCfg = Release|x64
		{5FBDC49A-7939-40F9-B78E-975F190ADBD3}.Release|x64.Build.0 = Release|x64
		{5FBDC49A-7939-40F9-B78E-975F190ADBD3}.Release|x86.ActiveCfg = Release|Win32
		{5FBDC49A-7939-40F9-B78E-975F190ADBD3}.Release|x86.Build.0 = Release|Win32
		{1EB035A3-815A-4382-90D3-4510AB605AD9}.Debug|ARM.ActiveCfg = Debug|ARM
		{1EB035A3-815A-4382-90D3-4510AB605AD9}.Debug|ARM.Build.0 = Debug|ARM
		{1EB035A3-815A-4382-90D3-4510AB605AD9}.Debug|x64.ActiveCfg = Debug|x64
		{1EB035A3-815A-4382-90D3-4510AB605AD9}.Debug|x64.Build.0 = Debug|x64
		{1EB035A3-815A-4382-90D3-4510AB605AD9}.Debug|x86.ActiveCfg = Debug|Win32
		{1EB035A3-815A-4382-90D3-4510AB605AD9}.Debug|x86.Build.0 = Debug|Win32
		{1EB035A3-815A-4382-90D3-4510AB605AD9}.Release|ARM.ActiveCfg = Release|ARM
		{1EB035A3-815A-4382-90D3-4510AB605AD9}.Release|ARM.Build.0 = Release|ARM
		{1EB035A3-815A-4382-90D3-4510AB605AD9}.Release|x64.ActiveCfg = Release|x64
		{1EB035A3-815A-4382-90D3-4510AB605AD9}.Release|x64.Build.0 = Release|x64
		{1EB035A3-815A-4382-90D3-4510AB605AD9}.Release|x86.ActiveCfg = Release|Win32
		{1EB035A3-815A-4382-90D3-4510AB605AD9}.Release|x86.Build.0 = Release|Win32
		{ACEA4101-6F4A-44ED-9EC1-289821DAC711}.Debug|ARM.ActiveCfg = Debug|ARM
		{ACEA4101-6F4A-44ED-9EC1-289821DAC711}.Debug|ARM.Build.0 = Debug|ARM
		{ACEA4101-6F4A-44ED-9EC1-289821DAC711}.Debug|x64.ActiveCfg = Debug|x64
		{ACEA4101-6F4A-44ED-9EC1-289821DAC711}.Debug|x64.Build.0 = Debug|x64
		{ACEA4101-6F4A-44ED-9EC1-289821DAC711}.Debug|x86.ActiveCfg = Debug|Win32
		{ACEA4101-6F4A-44ED-9EC1-289821DAC711}.Debug|x86.Build.0 = Debug|Win32
		{ACEA4101-6F4A-44ED-9EC1-289821DAC711}.Release|ARM.ActiveCfg = Release|ARM
		{ACEA4101-6F4A-44ED-9EC1-289821DAC711}.Release|ARM.Build.0 = Release|ARM
		{ACEA4101-6F4A-44ED-9EC1-289821DAC711}.Release|x64.ActiveCfg = Release|x64
		{ACEA4101-6F4A-44ED-9EC1-289821DAC711}.Release|x64.Build.0 = Release|x64
		{ACEA4101-6F4A-44ED-9EC1-289821DAC711}.Release|x86.ActiveCfg = Release|Win32
		{ACEA4101-6F4A-44ED-9EC1-289821DAC711}.Release|x86.Build.0 = Release|Win32
		{29B4D11F-59F3-4EBC-A769-3BABD140DB9A}.Debug|ARM.ActiveCfg = Debug|ARM
		{29B4D11F-59F3-4EBC-A769-3BABD140DB9A}.Debug|ARM.Build.0 = Debug|ARM
		{29B4D11F-59F3-4EBC-A769-3BABD140DB9A}.Debug|x64.ActiveCfg = Debug|x64
		{29B4D11F-59F3-4EBC-A769-3BABD140DB9A}.Debug|x64.Build.0 = Debug|x64
		{29B4D11F-59F3-4EBC-A769-3BABD140DB9A}.Debug|x86.ActiveCfg = Debug|Win32
		{29B4D11F-59F3-4EBC-A769-3BABD140DB9A}.Debug|x86.Build.0 = Debug|Win32
		{29B4D11F-59F3-4EBC-A769-3BABD140DB9A}.Release|ARM.ActiveCfg = Release|ARM
		{29B4D11F-59F3-4EBC-A769-3BABD140DB9A}.Release|ARM.Build.0 = Release|ARM
		{29B4D11F-59F3-4EBC-A769-3BABD140DB9A}.Release|x64.ActiveCfg = Release|x64
		{29B4D11F-59F3-4EBC-A769-3BABD140DB9A}.Release|x64.Build.0 = Release|x64
		{29B4D11F-59F3-4EBC-A769-3BABD140DB9A}.Release|x86.ActiveCfg = Release|Win32
		{29B4D11F-59F3-4EBC-A769-3BABD140DB9A}.Release|x86.Build.0 = Release|Win32
		{6BC6349C-E355-4F1C-9290-FF755114A84B}.Debug|ARM.ActiveCfg = Debug|ARM
		{6BC6349C-E355-4F1C-9290-FF755114A84B}.Debug|ARM.Build.0 = Debug|ARM
		{6BC6349C-E355-4F1C-9290-FF755114A84B}.Debug|x64.ActiveCfg = Debug|x64
		{6BC6349C-E355-4F1C-9290-FF755114A84B}.Debug|x64.Build.0 = Debug|x64
		{6BC6349C-E355-4F1C-9290-FF755114A84B}.Debug|x86.ActiveCfg = Debug|Win32
		{6BC6349C-E355-4F1C-9290-FF755114A84B}.Debug|x86.Build.0 = Debug|Win32
		{6BC6349C-E355-4F1C-9290-FF755114A84B}.Release|ARM.ActiveCfg = Release|ARM
		{6BC6349C-E355-4F1C-9290-FF755114A84B}.Release|ARM.Build.0 = Release|ARM
		{6BC6349C-E355-4F1C-9290-FF755114A84B}.Release|x64.ActiveCfg = Release|x64
		{6BC6349C-E355-4F1C-9290-FF755114A84B}.Release|x64.Build.0 = Release|x64
		{6BC6349C-E355-4F1C-9290-FF755114A84B}.Release|x86.ActiveCfg = Release|Win32
		{6BC6349C-E355-4F1C-9290-FF755114A84B}.Release|x86.Build.0 = Release|Win32
		{E3AB27F1-EB89-4C65-85DF-CB6A4F805753}.Debug|ARM.ActiveCfg = Debug|ARM
		{E3AB27F1-EB89-4C65-85DF-CB6A4F805753}.Debug|ARM.Build.0 = Debug|ARM
		{E3AB27F1-EB89-4C65-85DF-CB6A4F805753}.Debug|x64.ActiveCfg = Debug|x64
		{E3AB27F1-EB89-4C65-85DF-CB6A4F805753}.Debug|x64.Build.0 = Debug|x64
		{E3AB27F1-EB89-4C65-85DF-CB6A4F805753}.Debug|x86.ActiveCfg = Debug|Win32
		{E3AB27F1-EB89-4C65-85DF-CB6A4F805753}.Debug|x86.Build.0 = Debug|Win32
		{E3AB27F1-EB89-4C65-85DF-CB6A4F805753}.Release|ARM.ActiveCfg = Release|ARM
		{E3AB27F1-EB89-4C65-85DF-CB6A4F805753}.Release|ARM.Build.0 = Release|ARM
		{E3AB27F1-EB89-4C65-85DF-CB6A4F805753}.Release|x64.ActiveCfg = Release|x64
		{E3AB27F1-EB89-4C65-85DF-CB6A4F805753}.Release|x64.Build.0 = Release|x64
		{E3AB27F1-EB89-4C65-85DF-CB6A4F805753}.Release|x86.ActiveCfg = Release|Win32
		{E3AB27F1-EB89-4C65-85DF-CB6A4F805753}.Release|x86.Build.0 = Release|Win32
		{936B2819-2364-45D9-901D-52878914FAFA}.Debug|ARM.ActiveCfg = Debug|ARM
		{936B2819-2364-45D9-901D-52878914FAFA}.Debug|ARM.Build.0 = Debug|ARM
		{936B2819-2364-45D9-901D-52878914FAFA}.Debug|x64.ActiveCfg = Debug|x64
		{936B2819-2364-45D9-901D-52878914FAFA}.Debug|x64.Build.0 = Debug|x64
		{936B2819-2364-45D9-901D-52878914FAFA}.Debug|x86.ActiveCfg = Debug|Win32
		{936B2819-2364-45D9-901D-52878914FAFA}.Debug|x86.Build.0 = Debug|Win32
		{936B2819-2364-45D9-901D-52878914FAFA}.Release|ARM.ActiveCfg = Release|ARM
		{936B2819-2364-45D9-901D-52878914FAFA}.Release|ARM.Build.0 = Release|ARM
		{936B2819-2364-45D9-901D-52878914FAFA}.Release|x64.ActiveCfg = Release|x64
		{936B2819-2364-45D9-901D-52878914FAFA}.Release|x64.Build.0 = Release|x64
		{936B2819-2364-45D9-901D-52878914FAFA}.Release|x86.ActiveCfg = Release|Win32
		{936B2819-2364-45D9-901D-52878914FAFA}.Release|x86.Build.0 = Release|Win32
		{3A833C7A-C776-4202-9DBD-BC879B23C605}.Debug|ARM.ActiveCfg = Debug|ARM
		{3A833C7A-C776-4202-9DBD-BC879B23C605}.Debug|ARM.Build.0 = Debug|ARM
		{3A833C7A-C776-4202-9DBD-BC879B23C605}.Debug|x64.ActiveCfg = Debug|x64
		{3A833C7A-C776-4202-9DBD-BC879B23C605}.Debug|x64.Build.0 = Debug|x64
		{3A833C7A-C776-4202-9DBD-BC879B23C605}.Debug|x86.ActiveCfg = Debug|Win32
		{3A833C7A-C776-4202-9DBD-BC879B23C605}.Debug|x86.Build.0 = Debug|Win32
		{3A833C7A-C776-4202-9DBD-BC879B23C605}.Release|ARM.ActiveCfg = Release|ARM
		{3A833C7A-C776-4202-9DBD-BC879B23C605}.Release|ARM.Build.0 = Release|ARM
		{3A833C7A-C776-4202-9DBD-BC879B23C605}.Release|x64.ActiveCfg = Release|x64
		{3A833C7A-C776-4202-9DBD-BC879B23C605}.Release|x64.Build.0 = Release|x64
		{3A833C7A-C776-4202-9DBD-BC879B23C605}.Release|x86.ActiveCfg = Release|Win32
		{3A833C7A-C776-4202-9DBD-BC879B23C605}.Release|x86.Build.0 = Release|Win32
		{1264471F-847F-427D-8DB6-B733F188FFB9}.Debug|ARM.ActiveCfg = Debug|ARM
		{1264471F-847F-427D-8DB6-B733F188FFB9}.Debug|ARM.Build.0 = Debug|ARM
		{1264471F-847F-427D-8DB6-B733F188FFB9}.Debug|x64.ActiveCfg = Debug|x64
		{1264471F-847F-427D-8DB6-B733F188FFB9}.Debug|x64.Build.0 = Debug|x64
		{1264471F-847F-427D-8DB6-B733F188FFB9}.Debug|x86.ActiveCfg = Debug|Win32
		{1264471F-847F-427D-8DB6-B733F188FFB9}.Debug|x86.Build.0 = Debug|Win32
		{1264471F-847F-427D-8DB6-B733F188FFB9}.Release|ARM.ActiveCfg = Release|ARM
		{1264471F-847F-427D-8DB6-B733F188FFB9}.Release|ARM.Build.0 = Release|ARM
		{1264471F-847F-427D-8DB6-B733F188FFB9}.Release|x64.ActiveCfg = Release|x64
		{1264471F-847F-427D-8DB6-B733F188FFB9}.Release|x64.Build.0 = Release|x64
		{1264471F-847F-427D-8DB6-B733F188FFB9}.Release|x86.ActiveCfg = Release|Win32
		{1264471F-847F-427D-8DB6-B733F188FFB9}.Release|x86.Build.0 = Release|Win32
		{90CA40DC-84B4-4D06-91D1-DC82A7A1E4D0}.Debug|ARM.ActiveCfg = Debug|ARM
		{90CA40DC-84B4-4D06-91D1-DC82A7A1E4D0}.Debug|ARM.Build.0 = Debug|ARM
		{90CA40DC-84B4-4D06-91D1-DC82A7A1E4D0}.Debug|x64.ActiveCfg = Debug|x64
		{90CA40DC-84B4-4D06-91D1-DC82A7A1E4D0}.Debug|x64.Build.0 = Debug|x64
		{90CA40DC-84B4-4D06-91D1-DC82A7A1E4D0}.Debug|x86.ActiveCfg = Debug|Win32
		{90CA40DC-84B4-4D06-91D1-DC82A7A1E4D0}.Debug|x86.Build.0 = Debug|Win32
		{90CA40DC-84B4-4D06-91D1-DC82A7A1E4D0}.Release|ARM.ActiveCfg = Release|ARM
		{90CA40DC-84B4-4D06-91D1-DC82A7A1E4D0}.Release|ARM.Build.0 = Release|ARM
		{90CA40DC-84B4-4D06-91D1-DC82A7A1E4D0}.Release|x64.ActiveCfg = Release|x64
		{90CA40DC-84B4-4D06-91D1-DC82A7A1E4D0}.Release|x64.Build.0 = Release|x64
		{90CA40DC-84B4-4D06-91D1-DC82A7A1E4D0}.Release|x86.ActiveCfg = Release|Win32
		{90CA40DC-84B4-4D06-91D1-DC82A7A1E4D0}.Release|x86.Build.0 = Release|Win32
		{F18BCD55-A6FA-46B7-9E42-67164B9CD731}.Debug|ARM.ActiveCfg = Debug|ARM
		{F18BCD55-A6FA-46B7-9E42-67164B9CD731}.Debug|ARM.Build.0 = Debug|ARM
		{F18BCD55-A6FA-46B7-9E42-67164B9CD731}.Debug|x64.ActiveCfg = Debug|x64
		{F18BCD55-A6FA-46B7-9E42-67164B9CD731}.Debug|x64.Build.0 = Debug|x64
		{F18BCD55-A6FA-46B7-9E42-67164B9CD731}.Debug|x86.ActiveCfg = Debug|Win32
		{F18BCD55-A6FA-46B7-9E42-67164B9CD731}.Debug|x86.Build.0 = Debug|Win32
		{F18BCD55-A6FA-46B7-9E42-67164B9CD731}.Release|ARM.ActiveCfg = Release|ARM
		{F18BCD55-A6FA-46B7-9E42-67164B9CD731}.Release|ARM.Build.0 = Release|ARM
		{F18BCD55-A6FA-46B7-9E42-67164B9CD731}.Release|x64.ActiveCfg = Release|x64
		{F18BCD55-A6FA-46B7-9E42-67164B9CD731}.Release|x64.Build.0 = Release|x64
		{F18BCD55-A6FA-46B7-9E42-67164B9CD731}.Release|x86.ActiveCfg = Release|Win32
		{F18BCD55-A6FA-46B7-9E42-67164B9CD731}.Release|x86.Build.0 = Release|Win32
	EndGlobalSection
	GlobalSection(SolutionProperties) = preSolution
		HideSolutionNode = FALSE
	EndGlobalSection
	GlobalSection(NestedProjects) = preSolution
		{C8DF6173-06A1-4F56-A9BC-2002596B30E9} = {0E84EC14-CB64-4996-8581-F6DA87D8CF24}
		{2E908AD5-95E9-4B2D-BD6E-BA3EA4C1A2EE} = {521DE623-67A5-430C-AE51-6E70227FF882}
		{5FBDC49A-7939-40F9-B78E-975F190ADBD3} = {521DE623-67A5-430C-AE51-6E70227FF882}
		{1EB035A3-815A-4382-90D3-4510AB605AD9} = {521DE623-67A5-430C-AE51-6E70227FF882}
		{ACEA4101-6F4A-44ED-9EC1-289821DAC711} = {521DE623-67A5-430C-AE51-6E70227FF882}
		{29B4D11F-59F3-4EBC-A769-3BABD140DB9A} = {521DE623-67A5-430C-AE51-6E70227FF882}
		{6BC6349C-E355-4F1C-9290-FF755114A84B} = {CB7D4029-CB5F-4791-AAAC-7D99F3B5C48F}
		{E3AB27F1-EB89-4C65-85DF-CB6A4F805753} = {CB7D4029-CB5F-4791-AAAC-7D99F3B5C48F}
		{936B2819-2364-45D9-901D-52878914FAFA} = {CB7D4029-CB5F-4791-AAAC-7D99F3B5C48F}
		{3A833C7A-C776-4202-9DBD-BC879B23C605} = {CB7D4029-CB5F-4791-AAAC-7D99F3B5C48F}
		{1264471F-847F-427D-8DB6-B733F188FFB9} = {B6D91579-0612-4338-93A4-3C555224CB07}
		{90CA40DC-84B4-4D06-91D1-DC82A7A1E4D0} = {B6D91579-0612-4338-93A4-3C555224CB07}
	EndGlobalSection
EndGlobal
