Microsoft Visual Studio Solution File, Format Version 12.00
# Visual Studio 14
VisualStudioVersion = 14.0.24720.0
MinimumVisualStudioVersion = 10.0.40219.1
Project("{8BC9CEB8-8B4A-11D0-8D11-00A0C91BC942}") = "libUnicornio-UWP", "libUnicornio-UWP.vcxproj", "{E99151A4-4409-4550-904D-412DECFDF914}"
EndProject
Project("{8BC9CEB8-8B4A-11D0-8D11-00A0C91BC942}") = "SDL2-UWP", "..\..\dep\SDL2\VisualC-WinRT\UWP_VS2015\SDL-UWP.vcxproj", "{89E9B32E-A86A-47C3-A948-D2B1622925CE}"
EndProject
Project("{8BC9CEB8-8B4A-11D0-8D11-00A0C91BC942}") = "SDL2_image-UWP", "..\..\dep\SDL2_image\VisualC-WinRT\UWP_VS2015\SDL2_image-UWP.vcxproj", "{CA69E1FA-40AD-4CF0-B0BF-CC9416B842A5}"
EndProject
Project("{8BC9CEB8-8B4A-11D0-8D11-00A0C91BC942}") = "jpeg-UWP", "..\..\dep\SDL2_image\VisualC-WinRT\UWP_VS2015\jpeg-UWP.vcxproj", "{DE5CE105-1EC4-4E6B-9C78-683141EE21A4}"
EndProject
Project("{8BC9CEB8-8B4A-11D0-8D11-00A0C91BC942}") = "libpng-UWP", "..\..\dep\SDL2_image\VisualC-WinRT\UWP_VS2015\libpng-UWP.vcxproj", "{3FBFEA4A-E432-47B3-BF2D-F90BE9033783}"
EndProject
Project("{8BC9CEB8-8B4A-11D0-8D11-00A0C91BC942}") = "libwebp-UWP", "..\..\dep\SDL2_image\VisualC-WinRT\UWP_VS2015\libwebp-UWP.vcxproj", "{40EF6CA1-66F9-4015-B3B4-8DBDE35F5992}"
EndProject
Project("{8BC9CEB8-8B4A-11D0-8D11-00A0C91BC942}") = "zlib-UWP", "..\..\dep\SDL2_image\VisualC-WinRT\UWP_VS2015\zlib-UWP.vcxproj", "{AC58A236-C54E-4C0F-9764-1D50D020E0FE}"
EndProject
Project("{2150E333-8FDC-42A3-9474-1A3956D46DE8}") = "SDL2", "SDL2", "{573CA309-05C8-4EA7-8BC0-54601410A162}"
EndProject
Project("{2150E333-8FDC-42A3-9474-1A3956D46DE8}") = "SDL2_image", "SDL2_image", "{7375002D-1A84-4F7A-AD14-3409C90A4F4C}"
EndProject
Project("{2150E333-8FDC-42A3-9474-1A3956D46DE8}") = "SDL2_mixer", "SDL2_mixer", "{76A16B7F-EE96-48EE-ADCF-DCA9A1B06344}"
EndProject
Project("{2150E333-8FDC-42A3-9474-1A3956D46DE8}") = "SDL2_ttf", "SDL2_ttf", "{3AB02A7E-856D-4EDB-BE2C-D34439B41573}"
EndProject
Project("{8BC9CEB8-8B4A-11D0-8D11-00A0C91BC942}") = "SDL2_mixer-UWP", "..\..\dep\SDL2_mixer\VisualC-WinRT\UWP_VS2015\SDL2_mixer-UWP.vcxproj", "{5FB670A7-7932-4089-B5CE-418AE63E7506}"
EndProject
Project("{8BC9CEB8-8B4A-11D0-8D11-00A0C91BC942}") = "libvorbis-UWP", "..\..\dep\SDL2_mixer\VisualC-WinRT\UWP_VS2015\libvorbis-UWP.vcxproj", "{B4BF6904-1848-4201-B841-02DAF15776F8}"
EndProject
Project("{8BC9CEB8-8B4A-11D0-8D11-00A0C91BC942}") = "libvorbisfile-UWP", "..\..\dep\SDL2_mixer\VisualC-WinRT\UWP_VS2015\libvorbisfile-UWP.vcxproj", "{F7731440-60A3-46DB-801A-75C876369DCD}"
EndProject
Project("{8BC9CEB8-8B4A-11D0-8D11-00A0C91BC942}") = "libogg-UWP", "..\..\dep\SDL2_mixer\VisualC-WinRT\UWP_VS2015\libogg-UWP.vcxproj", "{F47C621E-C0A5-401C-9EC7-AB222118FC62}"
EndProject
Project("{8BC9CEB8-8B4A-11D0-8D11-00A0C91BC942}") = "freetype-UWP", "..\..\dep\SDL2_ttf\VisualC-WinRT\UWP_VS2015\freetype-UWP.vcxproj", "{BB24167F-FB53-42CB-B035-9EA7AD731F3E}"
EndProject
Project("{8BC9CEB8-8B4A-11D0-8D11-00A0C91BC942}") = "SDL2_ttf-UWP", "..\..\dep\SDL2_ttf\VisualC-WinRT\UWP_VS2015\SDL2_ttf-UWP.vcxproj", "{ABE3BD38-2CD6-4C94-AF1C-5A29E8F77D75}"
EndProject
Global
	GlobalSection(SolutionConfigurationPlatforms) = preSolution
		Debug|ARM = Debug|ARM
		Debug|x64 = Debug|x64
		Debug|x86 = Debug|x86
		Release|ARM = Release|ARM
		Release|x64 = Release|x64
		Release|x86 = Release|x86
	EndGlobalSection
	GlobalSection(ProjectConfigurationPlatforms) = postSolution
		{E99151A4-4409-4550-904D-412DECFDF914}.Debug|ARM.ActiveCfg = Debug|ARM
		{E99151A4-4409-4550-904D-412DECFDF914}.Debug|ARM.Build.0 = Debug|ARM
		{E99151A4-4409-4550-904D-412DECFDF914}.Debug|x64.ActiveCfg = Debug|x64
		{E99151A4-4409-4550-904D-412DECFDF914}.Debug|x64.Build.0 = Debug|x64
		{E99151A4-4409-4550-904D-412DECFDF914}.Debug|x86.ActiveCfg = Debug|Win32
		{E99151A4-4409-4550-904D-412DECFDF914}.Debug|x86.Build.0 = Debug|Win32
		{E99151A4-4409-4550-904D-412DECFDF914}.Release|ARM.ActiveCfg = Release|ARM
		{E99151A4-4409-4550-904D-412DECFDF914}.Release|ARM.Build.0 = Release|ARM
		{E99151A4-4409-4550-904D-412DECFDF914}.Release|x64.ActiveCfg = Release|x64
		{E99151A4-4409-4550-904D-412DECFDF914}.Release|x64.Build.0 = Release|x64
		{E99151A4-4409-4550-904D-412DECFDF914}.Release|x86.ActiveCfg = Release|Win32
		{E99151A4-4409-4550-904D-412DECFDF914}.Release|x86.Build.0 = Release|Win32
		{89E9B32E-A86A-47C3-A948-D2B1622925CE}.Debug|ARM.ActiveCfg = Debug|ARM
		{89E9B32E-A86A-47C3-A948-D2B1622925CE}.Debug|ARM.Build.0 = Debug|ARM
		{89E9B32E-A86A-47C3-A948-D2B1622925CE}.Debug|x64.ActiveCfg = Debug|x64
		{89E9B32E-A86A-47C3-A948-D2B1622925CE}.Debug|x64.Build.0 = Debug|x64
		{89E9B32E-A86A-47C3-A948-D2B1622925CE}.Debug|x86.ActiveCfg = Debug|Win32
		{89E9B32E-A86A-47C3-A948-D2B1622925CE}.Debug|x86.Build.0 = Debug|Win32
		{89E9B32E-A86A-47C3-A948-D2B1622925CE}.Release|ARM.ActiveCfg = Release|ARM
		{89E9B32E-A86A-47C3-A948-D2B1622925CE}.Release|ARM.Build.0 = Release|ARM
		{89E9B32E-A86A-47C3-A948-D2B1622925CE}.Release|x64.ActiveCfg = Release|x64
		{89E9B32E-A86A-47C3-A948-D2B1622925CE}.Release|x64.Build.0 = Release|x64
		{89E9B32E-A86A-47C3-A948-D2B1622925CE}.Release|x86.ActiveCfg = Release|Win32
		{89E9B32E-A86A-47C3-A948-D2B1622925CE}.Release|x86.Build.0 = Release|Win32
		{CA69E1FA-40AD-4CF0-B0BF-CC9416B842A5}.Debug|ARM.ActiveCfg = Debug|ARM
		{CA69E1FA-40AD-4CF0-B0BF-CC9416B842A5}.Debug|ARM.Build.0 = Debug|ARM
		{CA69E1FA-40AD-4CF0-B0BF-CC9416B842A5}.Debug|x64.ActiveCfg = Debug|x64
		{CA69E1FA-40AD-4CF0-B0BF-CC9416B842A5}.Debug|x64.Build.0 = Debug|x64
		{CA69E1FA-40AD-4CF0-B0BF-CC9416B842A5}.Debug|x86.ActiveCfg = Debug|Win32
		{CA69E1FA-40AD-4CF0-B0BF-CC9416B842A5}.Debug|x86.Build.0 = Debug|Win32
		{CA69E1FA-40AD-4CF0-B0BF-CC9416B842A5}.Release|ARM.ActiveCfg = Release|ARM
		{CA69E1FA-40AD-4CF0-B0BF-CC9416B842A5}.Release|ARM.Build.0 = Release|ARM
		{CA69E1FA-40AD-4CF0-B0BF-CC9416B842A5}.Release|x64.ActiveCfg = Release|x64
		{CA69E1FA-40AD-4CF0-B0BF-CC9416B842A5}.Release|x64.Build.0 = Release|x64
		{CA69E1FA-40AD-4CF0-B0BF-CC9416B842A5}.Release|x86.ActiveCfg = Release|Win32
		{CA69E1FA-40AD-4CF0-B0BF-CC9416B842A5}.Release|x86.Build.0 = Release|Win32
		{DE5CE105-1EC4-4E6B-9C78-683141EE21A4}.Debug|ARM.ActiveCfg = Debug|ARM
		{DE5CE105-1EC4-4E6B-9C78-683141EE21A4}.Debug|ARM.Build.0 = Debug|ARM
		{DE5CE105-1EC4-4E6B-9C78-683141EE21A4}.Debug|x64.ActiveCfg = Debug|x64
		{DE5CE105-1EC4-4E6B-9C78-683141EE21A4}.Debug|x64.Build.0 = Debug|x64
		{DE5CE105-1EC4-4E6B-9C78-683141EE21A4}.Debug|x86.ActiveCfg = Debug|Win32
		{DE5CE105-1EC4-4E6B-9C78-683141EE21A4}.Debug|x86.Build.0 = Debug|Win32
		{DE5CE105-1EC4-4E6B-9C78-683141EE21A4}.Release|ARM.ActiveCfg = Release|ARM
		{DE5CE105-1EC4-4E6B-9C78-683141EE21A4}.Release|ARM.Build.0 = Release|ARM
		{DE5CE105-1EC4-4E6B-9C78-683141EE21A4}.Release|x64.ActiveCfg = Release|x64
		{DE5CE105-1EC4-4E6B-9C78-683141EE21A4}.Release|x64.Build.0 = Release|x64
		{DE5CE105-1EC4-4E6B-9C78-683141EE21A4}.Release|x86.ActiveCfg = Release|Win32
		{DE5CE105-1EC4-4E6B-9C78-683141EE21A4}.Release|x86.Build.0 = Release|Win32
		{3FBFEA4A-E432-47B3-BF2D-F90BE9033783}.Debug|ARM.ActiveCfg = Debug|ARM
		{3FBFEA4A-E432-47B3-BF2D-F90BE9033783}.Debug|ARM.Build.0 = Debug|ARM
		{3FBFEA4A-E432-47B3-BF2D-F90BE9033783}.Debug|x64.ActiveCfg = Debug|x64
		{3FBFEA4A-E432-47B3-BF2D-F90BE9033783}.Debug|x64.Build.0 = Debug|x64
		{3FBFEA4A-E432-47B3-BF2D-F90BE9033783}.Debug|x86.ActiveCfg = Debug|Win32
		{3FBFEA4A-E432-47B3-BF2D-F90BE9033783}.Debug|x86.Build.0 = Debug|Win32
		{3FBFEA4A-E432-47B3-BF2D-F90BE9033783}.Release|ARM.ActiveCfg = Release|ARM
		{3FBFEA4A-E432-47B3-BF2D-F90BE9033783}.Release|ARM.Build.0 = Release|ARM
		{3FBFEA4A-E432-47B3-BF2D-F90BE9033783}.Release|x64.ActiveCfg = Release|x64
		{3FBFEA4A-E432-47B3-BF2D-F90BE9033783}.Release|x64.Build.0 = Release|x64
		{3FBFEA4A-E432-47B3-BF2D-F90BE9033783}.Release|x86.ActiveCfg = Release|Win32
		{3FBFEA4A-E432-47B3-BF2D-F90BE9033783}.Release|x86.Build.0 = Release|Win32
		{40EF6CA1-66F9-4015-B3B4-8DBDE35F5992}.Debug|ARM.ActiveCfg = Debug|ARM
		{40EF6CA1-66F9-4015-B3B4-8DBDE35F5992}.Debug|ARM.Build.0 = Debug|ARM
		{40EF6CA1-66F9-4015-B3B4-8DBDE35F5992}.Debug|x64.ActiveCfg = Debug|x64
		{40EF6CA1-66F9-4015-B3B4-8DBDE35F5992}.Debug|x64.Build.0 = Debug|x64
		{40EF6CA1-66F9-4015-B3B4-8DBDE35F5992}.Debug|x86.ActiveCfg = Debug|Win32
		{40EF6CA1-66F9-4015-B3B4-8DBDE35F5992}.Debug|x86.Build.0 = Debug|Win32
		{40EF6CA1-66F9-4015-B3B4-8DBDE35F5992}.Release|ARM.ActiveCfg = Release|ARM
		{40EF6CA1-66F9-4015-B3B4-8DBDE35F5992}.Release|ARM.Build.0 = Release|ARM
		{40EF6CA1-66F9-4015-B3B4-8DBDE35F5992}.Release|x64.ActiveCfg = Release|x64
		{40EF6CA1-66F9-4015-B3B4-8DBDE35F5992}.Release|x64.Build.0 = Release|x64
		{40EF6CA1-66F9-4015-B3B4-8DBDE35F5992}.Release|x86.ActiveCfg = Release|Win32
		{40EF6CA1-66F9-4015-B3B4-8DBDE35F5992}.Release|x86.Build.0 = Release|Win32
		{AC58A236-C54E-4C0F-9764-1D50D020E0FE}.Debug|ARM.ActiveCfg = Debug|ARM
		{AC58A236-C54E-4C0F-9764-1D50D020E0FE}.Debug|ARM.Build.0 = Debug|ARM
		{AC58A236-C54E-4C0F-9764-1D50D020E0FE}.Debug|x64.ActiveCfg = Debug|x64
		{AC58A236-C54E-4C0F-9764-1D50D020E0FE}.Debug|x64.Build.0 = Debug|x64
		{AC58A236-C54E-4C0F-9764-1D50D020E0FE}.Debug|x86.ActiveCfg = Debug|Win32
		{AC58A236-C54E-4C0F-9764-1D50D020E0FE}.Debug|x86.Build.0 = Debug|Win32
		{AC58A236-C54E-4C0F-9764-1D50D020E0FE}.Release|ARM.ActiveCfg = Release|ARM
		{AC58A236-C54E-4C0F-9764-1D50D020E0FE}.Release|ARM.Build.0 = Release|ARM
		{AC58A236-C54E-4C0F-9764-1D50D020E0FE}.Release|x64.ActiveCfg = Release|x64
		{AC58A236-C54E-4C0F-9764-1D50D020E0FE}.Release|x64.Build.0 = Release|x64
		{AC58A236-C54E-4C0F-9764-1D50D020E0FE}.Release|x86.ActiveCfg = Release|Win32
		{AC58A236-C54E-4C0F-9764-1D50D020E0FE}.Release|x86.Build.0 = Release|Win32
		{5FB670A7-7932-4089-B5CE-418AE63E7506}.Debug|ARM.ActiveCfg = Debug|ARM
		{5FB670A7-7932-4089-B5CE-418AE63E7506}.Debug|ARM.Build.0 = Debug|ARM
		{5FB670A7-7932-4089-B5CE-418AE63E7506}.Debug|x64.ActiveCfg = Debug|x64
		{5FB670A7-7932-4089-B5CE-418AE63E7506}.Debug|x64.Build.0 = Debug|x64
		{5FB670A7-7932-4089-B5CE-418AE63E7506}.Debug|x86.ActiveCfg = Debug|Win32
		{5FB670A7-7932-4089-B5CE-418AE63E7506}.Debug|x86.Build.0 = Debug|Win32
		{5FB670A7-7932-4089-B5CE-418AE63E7506}.Release|ARM.ActiveCfg = Release|ARM
		{5FB670A7-7932-4089-B5CE-418AE63E7506}.Release|ARM.Build.0 = Release|ARM
		{5FB670A7-7932-4089-B5CE-418AE63E7506}.Release|x64.ActiveCfg = Release|x64
		{5FB670A7-7932-4089-B5CE-418AE63E7506}.Release|x64.Build.0 = Release|x64
		{5FB670A7-7932-4089-B5CE-418AE63E7506}.Release|x86.ActiveCfg = Release|Win32
		{5FB670A7-7932-4089-B5CE-418AE63E7506}.Release|x86.Build.0 = Release|Win32
		{B4BF6904-1848-4201-B841-02DAF15776F8}.Debug|ARM.ActiveCfg = Debug|ARM
		{B4BF6904-1848-4201-B841-02DAF15776F8}.Debug|ARM.Build.0 = Debug|ARM
		{B4BF6904-1848-4201-B841-02DAF15776F8}.Debug|x64.ActiveCfg = Debug|x64
		{B4BF6904-1848-4201-B841-02DAF15776F8}.Debug|x64.Build.0 = Debug|x64
		{B4BF6904-1848-4201-B841-02DAF15776F8}.Debug|x86.ActiveCfg = Debug|Win32
		{B4BF6904-1848-4201-B841-02DAF15776F8}.Debug|x86.Build.0 = Debug|Win32
		{B4BF6904-1848-4201-B841-02DAF15776F8}.Release|ARM.ActiveCfg = Release|ARM
		{B4BF6904-1848-4201-B841-02DAF15776F8}.Release|ARM.Build.0 = Release|ARM
		{B4BF6904-1848-4201-B841-02DAF15776F8}.Release|x64.ActiveCfg = Release|x64
		{B4BF6904-1848-4201-B841-02DAF15776F8}.Release|x64.Build.0 = Release|x64
		{B4BF6904-1848-4201-B841-02DAF15776F8}.Release|x86.ActiveCfg = Release|Win32
		{B4BF6904-1848-4201-B841-02DAF15776F8}.Release|x86.Build.0 = Release|Win32
		{F7731440-60A3-46DB-801A-75C876369DCD}.Debug|ARM.ActiveCfg = Debug|ARM
		{F7731440-60A3-46DB-801A-75C876369DCD}.Debug|ARM.Build.0 = Debug|ARM
		{F7731440-60A3-46DB-801A-75C876369DCD}.Debug|x64.ActiveCfg = Debug|x64
		{F7731440-60A3-46DB-801A-75C876369DCD}.Debug|x64.Build.0 = Debug|x64
		{F7731440-60A3-46DB-801A-75C876369DCD}.Debug|x86.ActiveCfg = Debug|Win32
		{F7731440-60A3-46DB-801A-75C876369DCD}.Debug|x86.Build.0 = Debug|Win32
		{F7731440-60A3-46DB-801A-75C876369DCD}.Release|ARM.ActiveCfg = Release|ARM
		{F7731440-60A3-46DB-801A-75C876369DCD}.Release|ARM.Build.0 = Release|ARM
		{F7731440-60A3-46DB-801A-75C876369DCD}.Release|x64.ActiveCfg = Release|x64
		{F7731440-60A3-46DB-801A-75C876369DCD}.Release|x64.Build.0 = Release|x64
		{F7731440-60A3-46DB-801A-75C876369DCD}.Release|x86.ActiveCfg = Release|Win32
		{F7731440-60A3-46DB-801A-75C876369DCD}.Release|x86.Build.0 = Release|Win32
		{F47C621E-C0A5-401C-9EC7-AB222118FC62}.Debug|ARM.ActiveCfg = Debug|ARM
		{F47C621E-C0A5-401C-9EC7-AB222118FC62}.Debug|ARM.Build.0 = Debug|ARM
		{F47C621E-C0A5-401C-9EC7-AB222118FC62}.Debug|x64.ActiveCfg = Debug|x64
		{F47C621E-C0A5-401C-9EC7-AB222118FC62}.Debug|x64.Build.0 = Debug|x64
		{F47C621E-C0A5-401C-9EC7-AB222118FC62}.Debug|x86.ActiveCfg = Debug|Win32
		{F47C621E-C0A5-401C-9EC7-AB222118FC62}.Debug|x86.Build.0 = Debug|Win32
		{F47C621E-C0A5-401C-9EC7-AB222118FC62}.Release|ARM.ActiveCfg = Release|ARM
		{F47C621E-C0A5-401C-9EC7-AB222118FC62}.Release|ARM.Build.0 = Release|ARM
		{F47C621E-C0A5-401C-9EC7-AB222118FC62}.Release|x64.ActiveCfg = Release|x64
		{F47C621E-C0A5-401C-9EC7-AB222118FC62}.Release|x64.Build.0 = Release|x64
		{F47C621E-C0A5-401C-9EC7-AB222118FC62}.Release|x86.ActiveCfg = Release|Win32
		{F47C621E-C0A5-401C-9EC7-AB222118FC62}.Release|x86.Build.0 = Release|Win32
		{BB24167F-FB53-42CB-B035-9EA7AD731F3E}.Debug|ARM.ActiveCfg = Debug|ARM
		{BB24167F-FB53-42CB-B035-9EA7AD731F3E}.Debug|ARM.Build.0 = Debug|ARM
		{BB24167F-FB53-42CB-B035-9EA7AD731F3E}.Debug|x64.ActiveCfg = Debug|x64
		{BB24167F-FB53-42CB-B035-9EA7AD731F3E}.Debug|x64.Build.0 = Debug|x64
		{BB24167F-FB53-42CB-B035-9EA7AD731F3E}.Debug|x86.ActiveCfg = Debug|Win32
		{BB24167F-FB53-42CB-B035-9EA7AD731F3E}.Debug|x86.Build.0 = Debug|Win32
		{BB24167F-FB53-42CB-B035-9EA7AD731F3E}.Release|ARM.ActiveCfg = Release|ARM
		{BB24167F-FB53-42CB-B035-9EA7AD731F3E}.Release|ARM.Build.0 = Release|ARM
		{BB24167F-FB53-42CB-B035-9EA7AD731F3E}.Release|x64.ActiveCfg = Release|x64
		{BB24167F-FB53-42CB-B035-9EA7AD731F3E}.Release|x64.Build.0 = Release|x64
		{BB24167F-FB53-42CB-B035-9EA7AD731F3E}.Release|x86.ActiveCfg = Release|Win32
		{BB24167F-FB53-42CB-B035-9EA7AD731F3E}.Release|x86.Build.0 = Release|Win32
		{ABE3BD38-2CD6-4C94-AF1C-5A29E8F77D75}.Debug|ARM.ActiveCfg = Debug|ARM
		{ABE3BD38-2CD6-4C94-AF1C-5A29E8F77D75}.Debug|ARM.Build.0 = Debug|ARM
		{ABE3BD38-2CD6-4C94-AF1C-5A29E8F77D75}.Debug|x64.ActiveCfg = Debug|x64
		{ABE3BD38-2CD6-4C94-AF1C-5A29E8F77D75}.Debug|x64.Build.0 = Debug|x64
		{ABE3BD38-2CD6-4C94-AF1C-5A29E8F77D75}.Debug|x86.ActiveCfg = Debug|Win32
		{ABE3BD38-2CD6-4C94-AF1C-5A29E8F77D75}.Debug|x86.Build.0 = Debug|Win32
		{ABE3BD38-2CD6-4C94-AF1C-5A29E8F77D75}.Release|ARM.ActiveCfg = Release|ARM
		{ABE3BD38-2CD6-4C94-AF1C-5A29E8F77D75}.Release|ARM.Build.0 = Release|ARM
		{ABE3BD38-2CD6-4C94-AF1C-5A29E8F77D75}.Release|x64.ActiveCfg = Release|x64
		{ABE3BD38-2CD6-4C94-AF1C-5A29E8F77D75}.Release|x64.Build.0 = Release|x64
		{ABE3BD38-2CD6-4C94-AF1C-5A29E8F77D75}.Release|x86.ActiveCfg = Release|Win32
		{ABE3BD38-2CD6-4C94-AF1C-5A29E8F77D75}.Release|x86.Build.0 = Release|Win32
	EndGlobalSection
	GlobalSection(SolutionProperties) = preSolution
		HideSolutionNode = FALSE
	EndGlobalSection
	GlobalSection(NestedProjects) = preSolution
		{89E9B32E-A86A-47C3-A948-D2B1622925CE} = {573CA309-05C8-4EA7-8BC0-54601410A162}
		{CA69E1FA-40AD-4CF0-B0BF-CC9416B842A5} = {7375002D-1A84-4F7A-AD14-3409C90A4F4C}
		{DE5CE105-1EC4-4E6B-9C78-683141EE21A4} = {7375002D-1A84-4F7A-AD14-3409C90A4F4C}
		{3FBFEA4A-E432-47B3-BF2D-F90BE9033783} = {7375002D-1A84-4F7A-AD14-3409C90A4F4C}
		{40EF6CA1-66F9-4015-B3B4-8DBDE35F5992} = {7375002D-1A84-4F7A-AD14-3409C90A4F4C}
		{AC58A236-C54E-4C0F-9764-1D50D020E0FE} = {7375002D-1A84-4F7A-AD14-3409C90A4F4C}
		{5FB670A7-7932-4089-B5CE-418AE63E7506} = {76A16B7F-EE96-48EE-ADCF-DCA9A1B06344}
		{B4BF6904-1848-4201-B841-02DAF15776F8} = {76A16B7F-EE96-48EE-ADCF-DCA9A1B06344}
		{F7731440-60A3-46DB-801A-75C876369DCD} = {76A16B7F-EE96-48EE-ADCF-DCA9A1B06344}
		{F47C621E-C0A5-401C-9EC7-AB222118FC62} = {76A16B7F-EE96-48EE-ADCF-DCA9A1B06344}
		{BB24167F-FB53-42CB-B035-9EA7AD731F3E} = {3AB02A7E-856D-4EDB-BE2C-D34439B41573}
		{ABE3BD38-2CD6-4C94-AF1C-5A29E8F77D75} = {3AB02A7E-856D-4EDB-BE2C-D34439B41573}
	EndGlobalSection
EndGlobal
