<?xml version="1.0" encoding="utf-8"?>
<Project ToolsVersion="14.0" xmlns="http://schemas.microsoft.com/developer/msbuild/2003">
  <ItemGroup>
    <ClInclude Include="..\..\include\AStar.h" />
    <ClInclude Include="..\..\include\Audio.h" />
    <ClInclude Include="..\..\include\BotaoSprite.h" />
    <ClInclude Include="..\..\include\CamadaDeObjetosTileMap.h" />
    <ClInclude Include="..\..\include\CamadaDeTiles.h" />
    <ClInclude Include="..\..\include\Cor.h" />
    <ClInclude Include="..\..\include\EnumQualidadeEscala.h" />
    <ClInclude Include="..\..\include\EnumsInputs.h" />
    <ClInclude Include="..\..\include\Estado.h" />
    <ClInclude Include="..\..\include\EventosInputTexto.h" />
    <ClInclude Include="..\..\include\EventosJoysticks.h" />
    <ClInclude Include="..\..\include\EventosMouse.h" />
    <ClInclude Include="..\..\include\EventosTeclado.h" />
    <ClInclude Include="..\..\include\EventosToques.h" />
    <ClInclude Include="..\..\include\Fading.h" />
    <ClInclude Include="..\..\include\FiltroDeEventosDeApp.h" />
    <ClInclude Include="..\..\include\Fonte.h" />
    <ClInclude Include="..\..\include\GerenciadorDeEventos.h" />
    <ClInclude Include="..\..\include\GerenciadorDeGraficos.h" />
    <ClInclude Include="..\..\include\GerenciadorDeMusica.h" />
    <ClInclude Include="..\..\include\GerenciadorDeRecursos.h" />
    <ClInclude Include="..\..\include\GerenciadorDeStrings.h" />
    <ClInclude Include="..\..\include\GerenciadorDeTempo.h" />
    <ClInclude Include="..\..\include\Global.h" />
    <ClInclude Include="..\..\include\GrupoDeStrings.h" />
    <ClInclude Include="..\..\include\Janela.h" />
    <ClInclude Include="..\..\include\Joystick.h" />
    <ClInclude Include="..\..\include\libUnicornio.h" />
    <ClInclude Include="..\..\include\ListenerDeEventos.h" />
    <ClInclude Include="..\..\include\MaquinaDeEstados.h" />
    <ClInclude Include="..\..\include\MaquinaDeEstadosComPilha.h" />
    <ClInclude Include="..\..\include\MixadorDeAudios.h" />
    <ClInclude Include="..\..\include\Musica.h" />
    <ClInclude Include="..\..\include\Neuronio.h" />
    <ClInclude Include="..\..\include\NodoAStar.h" />
    <ClInclude Include="..\..\include\ObjetoTileMap.h" />
    <ClInclude Include="..\..\include\PainelDeDebug.h" />
    <ClInclude Include="..\..\include\Preferencias.h" />
    <ClInclude Include="..\..\include\RedeNeural.h" />
    <ClInclude Include="..\..\include\Retangulo.h" />
    <ClInclude Include="..\..\include\Som.h" />
    <ClInclude Include="..\..\include\Sprite.h" />
    <ClInclude Include="..\..\include\SpriteSheet.h" />
    <ClInclude Include="..\..\include\Texto.h" />
    <ClInclude Include="..\..\include\Tile.h" />
    <ClInclude Include="..\..\include\TileMap.h" />
    <ClInclude Include="..\..\include\TileSet.h" />
    <ClInclude Include="..\..\include\Toque.h" />
    <ClInclude Include="..\..\include\TravessiaAStar.h" />
    <ClInclude Include="..\..\include\uniEase.h" />
    <ClInclude Include="..\..\include\uniFuncoesPrincipais.h" />
    <ClInclude Include="..\..\include\uniPlataformas.h" />
    <ClInclude Include="..\..\include\uniRand.h" />
    <ClInclude Include="..\..\include\uniSistemaDeArquivos.h" />
    <ClInclude Include="..\..\include\uniTestarColisao.h" />
    <ClInclude Include="..\..\include\uniTestarColisaoSprite.h" />
    <ClInclude Include="..\..\include\Vetor2D.h" />
  </ItemGroup>
  <ItemGroup>
    <ClCompile Include="..\..\src\Arquivos\Preferencias.cpp" />
    <ClCompile Include="..\..\src\Arquivos\uniSistemaDeArquivos.cpp" />
    <ClCompile Include="..\..\src\Audio\Audio.cpp" />
    <ClCompile Include="..\..\src\Audio\GerenciadorDeMusica.cpp" />
    <ClCompile Include="..\..\src\Audio\MixadorDeAudios.cpp" />
    <ClCompile Include="..\..\src\Audio\Musica.cpp" />
    <ClCompile Include="..\..\src\Audio\Som.cpp" />
    <ClCompile Include="..\..\src\Colisao\uniTestarColisao.cpp" />
    <ClCompile Include="..\..\src\Colisao\uniTestarColisaoSprite.cpp" />
    <ClCompile Include="..\..\src\Debug\PainelDeDebug.cpp" />
    <ClCompile Include="..\..\src\Eventos\EventosInputTexto.cpp" />
    <ClCompile Include="..\..\src\Eventos\EventosJoysticks.cpp" />
    <ClCompile Include="..\..\src\Eventos\EventosMouse.cpp" />
    <ClCompile Include="..\..\src\Eventos\EventosTeclado.cpp" />
    <ClCompile Include="..\..\src\Eventos\EventosToques.cpp" />
    <ClCompile Include="..\..\src\Eventos\FiltroDeEventosDeApp.cpp" />
    <ClCompile Include="..\..\src\Eventos\GerenciadorDeEventos.cpp" />
    <ClCompile Include="..\..\src\Eventos\Joystick.cpp" />
    <ClCompile Include="..\..\src\Eventos\ListenerDeEventos.cpp" />
    <ClCompile Include="..\..\src\IA\AStar.cpp" />
    <ClCompile Include="..\..\src\IA\Estado.cpp" />
    <ClCompile Include="..\..\src\IA\MaquinaDeEstados.cpp" />
    <ClCompile Include="..\..\src\IA\MaquinaDeEstadosComPilha.cpp" />
    <ClCompile Include="..\..\src\IA\Neuronio.cpp" />
    <ClCompile Include="..\..\src\IA\RedeNeural.cpp" />
    <ClCompile Include="..\..\src\IA\TravessiaAStar.cpp" />
    <ClCompile Include="..\..\src\Interface\BotaoSprite.cpp" />
    <ClCompile Include="..\..\src\json\jsoncpp.cpp" />
    <ClCompile Include="..\..\src\Recursos\GerenciadorDeRecursos.cpp" />
    <ClCompile Include="..\..\src\Render\Cor.cpp" />
    <ClCompile Include="..\..\src\Render\Fading.cpp" />
    <ClCompile Include="..\..\src\Render\Fonte.cpp" />
    <ClCompile Include="..\..\src\Render\GerenciadorDeGraficos.cpp" />
    <ClCompile Include="..\..\src\Render\Janela.cpp" />
    <ClCompile Include="..\..\src\Render\Sprite.cpp" />
    <ClCompile Include="..\..\src\Render\SpriteSheet.cpp" />
    <ClCompile Include="..\..\src\Render\Texto.cpp" />
    <ClCompile Include="..\..\src\Strings\GerenciadorDeStrings.cpp" />
    <ClCompile Include="..\..\src\Strings\GrupoDeStrings.cpp" />
    <ClCompile Include="..\..\src\Tempo\GerenciadorDeTempo.cpp" />
    <ClCompile Include="..\..\src\TileMap\CamadaDeObjetosTileMap.cpp" />
    <ClCompile Include="..\..\src\TileMap\CamadaDeTiles.cpp" />
    <ClCompile Include="..\..\src\TileMap\NodoAStar.cpp" />
    <ClCompile Include="..\..\src\TileMap\ObjetoTileMap.cpp" />
    <ClCompile Include="..\..\src\TileMap\Tile.cpp" />
    <ClCompile Include="..\..\src\TileMap\TileMap.cpp" />
    <ClCompile Include="..\..\src\TileMap\TileSet.cpp" />
    <ClCompile Include="..\..\src\Global.cpp" />
    <ClCompile Include="..\..\src\uniEase.cpp" />
    <ClCompile Include="..\..\src\uniFuncoesPrincipais.cpp" />
    <ClCompile Include="..\..\src\uniRand.cpp" />
    <ClCompile Include="..\..\src\Vetor2D.cpp" />
  </ItemGroup>
</Project>