
Microsoft Visual Studio Solution File, Format Version 12.00
# Visual Studio 14
VisualStudioVersion = 14.0.25420.1
MinimumVisualStudioVersion = 10.0.40219.1
Project("{8BC9CEB8-8B4A-11D0-8D11-00A0C91BC942}") = "base", "base.vcxproj", "{67AC409B-9BDA-4D9D-86C1-D2B9885557CF}"
EndProject
Project("{2150E333-8FDC-42A3-9474-1A3956D46DE8}") = "Exemplos", "Exemplos", "{6CC150F8-546A-485B-90B8-1B4E810202E8}"
EndProject
Project("{8BC9CEB8-8B4A-11D0-8D11-00A0C91BC942}") = "Exemplo - TileMap e AStar", "TileMap e AStar.vcxproj", "{0A37649F-6E9F-4030-B8DD-D040E2636CB1}"
EndProject
Project("{8BC9CEB8-8B4A-11D0-8D11-00A0C91BC942}") = "Exemplo - Preferencias", "Preferencias.vcxproj", "{2BFF714B-A87A-4D98-AA3C-C9140EAA02ED}"
EndProject
Project("{8BC9CEB8-8B4A-11D0-8D11-00A0C91BC942}") = "Exemplo - Strings", "Strings.vcxproj", "{B609B107-04BB-4B5A-9B7C-23820536AC51}"
EndProject
Project("{8BC9CEB8-8B4A-11D0-8D11-00A0C91BC942}") = "Exemplo - Texto TTF", "Texto TTF.vcxproj", "{D196BDDF-9107-4397-88C6-8F264C7AA808}"
EndProject
Project("{8BC9CEB8-8B4A-11D0-8D11-00A0C91BC942}") = "Exemplo - Texto Bitmap", "Texto Bitmap.vcxproj", "{D4668531-73E6-43B9-BB9B-6CFB6EEC395E}"
EndProject
Project("{8BC9CEB8-8B4A-11D0-8D11-00A0C91BC942}") = "Exemplo - MDE Com Pilha", "MDE Com Pilha.vcxproj", "{FFAE0E63-7977-4974-BAE7-11DF2D867C9B}"
EndProject
Project("{8BC9CEB8-8B4A-11D0-8D11-00A0C91BC942}") = "Exemplo - MDE", "MDE.vcxproj", "{9D1227C4-2A27-42C8-A415-AA7FC0385B75}"
EndProject
Project("{8BC9CEB8-8B4A-11D0-8D11-00A0C91BC942}") = "Exemplo - RedeNeural XOR", "RedeNeural XOR.vcxproj", "{F335B506-3795-47F7-86BF-831D13BAFD1F}"
EndProject
Project("{8BC9CEB8-8B4A-11D0-8D11-00A0C91BC942}") = "Exemplo - RedeNeural Agente", "RedeNeural Agente.vcxproj", "{1B77DA73-8846-4B09-A171-E8F5BC740A04}"
EndProject
Project("{8BC9CEB8-8B4A-11D0-8D11-00A0C91BC942}") = "Exemplo - Sprite", "Sprite.vcxproj", "{8DD218CE-E30B-4584-81EF-162D2CE1ECC9}"
EndProject
Project("{8BC9CEB8-8B4A-11D0-8D11-00A0C91BC942}") = "Exemplo - Som", "Som.vcxproj", "{1FF4D21C-2EF9-47CC-B225-D39B468C67BA}"
EndProject
Project("{8BC9CEB8-8B4A-11D0-8D11-00A0C91BC942}") = "Exemplo - Colisao", "Colisao.vcxproj", "{70A5E7DA-F1F1-4D17-B9D8-4034ADAA67A6}"
EndProject
Project("{8BC9CEB8-8B4A-11D0-8D11-00A0C91BC942}") = "Exemplo - BotaoSprite", "BotaoSprite.vcxproj", "{0F934344-2128-4454-93B8-29B5554FA67C}"
EndProject
Project("{8BC9CEB8-8B4A-11D0-8D11-00A0C91BC942}") = "Exemplo - Joysticks", "Joysticks.vcxproj", "{99C721FE-ED09-4F03-A98A-956C517CFB9A}"
EndProject
Project("{8BC9CEB8-8B4A-11D0-8D11-00A0C91BC942}") = "Exemplo - PainelDeDebug", "PainelDeDebug.vcxproj", "{9F4862A0-0ABA-4F87-8C54-41334E34A4E5}"
EndProject
Project("{8BC9CEB8-8B4A-11D0-8D11-00A0C91BC942}") = "Exemplo - LetterBoxing", "LetterBoxing.vcxproj", "{EB5C51DB-8E79-44AA-8BC6-A361B0BF23FB}"
EndProject
Project("{8BC9CEB8-8B4A-11D0-8D11-00A0C91BC942}") = "Exemplo - Fade", "Fade.vcxproj", "{06F1F769-C49B-47FC-8C46-71EB23D797FD}"
EndProject
Project("{8BC9CEB8-8B4A-11D0-8D11-00A0C91BC942}") = "Exemplo - Rand", "Rand.vcxproj", "{ACC7F6BC-F376-4343-8508-F15247AA31F2}"
EndProject
Project("{8BC9CEB8-8B4A-11D0-8D11-00A0C91BC942}") = "Exemplo - Ease", "Ease.vcxproj", "{10EC28DD-C299-4757-884E-70524C10021E}"
EndProject
Project("{8BC9CEB8-8B4A-11D0-8D11-00A0C91BC942}") = "Exemplo - Ease Todos", "Ease Todos.vcxproj", "{5AEC1AAB-AC35-46D1-8163-35DF9C3BFC3E}"
EndProject
Project("{8BC9CEB8-8B4A-11D0-8D11-00A0C91BC942}") = "Exemplo - Musica", "Musica.vcxproj", "{4EE23485-7ADF-43DD-99DE-FF0A82CEDF34}"
EndProject
Project("{8BC9CEB8-8B4A-11D0-8D11-00A0C91BC942}") = "Exemplo - TileMap", "TileMap.vcxproj", "{6F2FD4D0-3B7B-4300-A83A-726F6E316A2B}"
EndProject
Project("{8BC9CEB8-8B4A-11D0-8D11-00A0C91BC942}") = "Exemplo - TileMap Colisao", "TileMap Colisao.vcxproj", "{1E5ACD28-B5F5-40CD-94D8-D3199B0AD955}"
EndProject
Project("{8BC9CEB8-8B4A-11D0-8D11-00A0C91BC942}") = "Exemplo - AStar", "AStar.vcxproj", "{D9972E34-C205-45E2-9630-EA7B145BBE75}"
EndProject
Project("{8BC9CEB8-8B4A-11D0-8D11-00A0C91BC942}") = "Exemplo - InputTexto", "InputTexto.vcxproj", "{A1E58715-7388-4DCB-927B-72F489B59C87}"
EndProject
Project("{8BC9CEB8-8B4A-11D0-8D11-00A0C91BC942}") = "Exemplo - Textura", "Textura.vcxproj", "{0887004F-FEE7-4CAA-9CB5-87ACC51ABCDE}"
EndProject
Project("{8BC9CEB8-8B4A-11D0-8D11-00A0C91BC942}") = "Exemplo - TexturaAlvo", "TexturaAlvo.vcxproj", "{5DF6B014-AD67-4D45-A729-023418C9E08A}"
EndProject
Project("{8BC9CEB8-8B4A-11D0-8D11-00A0C91BC942}") = "Exemplo - Primitivas", "Primitivas.vcxproj", "{8A7613D8-6EFC-41BB-B3CD-A0F0C4188B09}"
EndProject
Global
	GlobalSection(SolutionConfigurationPlatforms) = preSolution
		Debug|Win32 = Debug|Win32
		Debug|x64 = Debug|x64
		Release|Win32 = Release|Win32
		Release|x64 = Release|x64
	EndGlobalSection
	GlobalSection(ProjectConfigurationPlatforms) = postSolution
		{67AC409B-9BDA-4D9D-86C1-D2B9885557CF}.Debug|Win32.ActiveCfg = Debug|Win32
		{67AC409B-9BDA-4D9D-86C1-D2B9885557CF}.Debug|Win32.Build.0 = Debug|Win32
		{67AC409B-9BDA-4D9D-86C1-D2B9885557CF}.Debug|x64.ActiveCfg = Debug|Win32
		{67AC409B-9BDA-4D9D-86C1-D2B9885557CF}.Release|Win32.ActiveCfg = Release|Win32
		{67AC409B-9BDA-4D9D-86C1-D2B9885557CF}.Release|Win32.Build.0 = Release|Win32
		{67AC409B-9BDA-4D9D-86C1-D2B9885557CF}.Release|x64.ActiveCfg = Release|Win32
		{0A37649F-6E9F-4030-B8DD-D040E2636CB1}.Debug|Win32.ActiveCfg = Debug|Win32
		{0A37649F-6E9F-4030-B8DD-D040E2636CB1}.Debug|Win32.Build.0 = Debug|Win32
		{0A37649F-6E9F-4030-B8DD-D040E2636CB1}.Debug|x64.ActiveCfg = Debug|Win32
		{0A37649F-6E9F-4030-B8DD-D040E2636CB1}.Release|Win32.ActiveCfg = Release|Win32
		{0A37649F-6E9F-4030-B8DD-D040E2636CB1}.Release|Win32.Build.0 = Release|Win32
		{0A37649F-6E9F-4030-B8DD-D040E2636CB1}.Release|x64.ActiveCfg = Release|Win32
		{2BFF714B-A87A-4D98-AA3C-C9140EAA02ED}.Debug|Win32.ActiveCfg = Debug|Win32
		{2BFF714B-A87A-4D98-AA3C-C9140EAA02ED}.Debug|Win32.Build.0 = Debug|Win32
		{2BFF714B-A87A-4D98-AA3C-C9140EAA02ED}.Debug|x64.ActiveCfg = Debug|Win32
		{2BFF714B-A87A-4D98-AA3C-C9140EAA02ED}.Release|Win32.ActiveCfg = Release|Win32
		{2BFF714B-A87A-4D98-AA3C-C9140EAA02ED}.Release|Win32.Build.0 = Release|Win32
		{2BFF714B-A87A-4D98-AA3C-C9140EAA02ED}.Release|x64.ActiveCfg = Release|Win32
		{B609B107-04BB-4B5A-9B7C-23820536AC51}.Debug|Win32.ActiveCfg = Debug|Win32
		{B609B107-04BB-4B5A-9B7C-23820536AC51}.Debug|Win32.Build.0 = Debug|Win32
		{B609B107-04BB-4B5A-9B7C-23820536AC51}.Debug|x64.ActiveCfg = Debug|Win32
		{B609B107-04BB-4B5A-9B7C-23820536AC51}.Release|Win32.ActiveCfg = Release|Win32
		{B609B107-04BB-4B5A-9B7C-23820536AC51}.Release|Win32.Build.0 = Release|Win32
		{B609B107-04BB-4B5A-9B7C-23820536AC51}.Release|x64.ActiveCfg = Release|Win32
		{D196BDDF-9107-4397-88C6-8F264C7AA808}.Debug|Win32.ActiveCfg = Debug|Win32
		{D196BDDF-9107-4397-88C6-8F264C7AA808}.Debug|Win32.Build.0 = Debug|Win32
		{D196BDDF-9107-4397-88C6-8F264C7AA808}.Debug|x64.ActiveCfg = Debug|Win32
		{D196BDDF-9107-4397-88C6-8F264C7AA808}.Release|Win32.ActiveCfg = Release|Win32
		{D196BDDF-9107-4397-88C6-8F264C7AA808}.Release|Win32.Build.0 = Release|Win32
		{D196BDDF-9107-4397-88C6-8F264C7AA808}.Release|x64.ActiveCfg = Release|Win32
		{D4668531-73E6-43B9-BB9B-6CFB6EEC395E}.Debug|Win32.ActiveCfg = Debug|Win32
		{D4668531-73E6-43B9-BB9B-6CFB6EEC395E}.Debug|Win32.Build.0 = Debug|Win32
		{D4668531-73E6-43B9-BB9B-6CFB6EEC395E}.Debug|x64.ActiveCfg = Debug|Win32
		{D4668531-73E6-43B9-BB9B-6CFB6EEC395E}.Release|Win32.ActiveCfg = Release|Win32
		{D4668531-73E6-43B9-BB9B-6CFB6EEC395E}.Release|Win32.Build.0 = Release|Win32
		{D4668531-73E6-43B9-BB9B-6CFB6EEC395E}.Release|x64.ActiveCfg = Release|Win32
		{FFAE0E63-7977-4974-BAE7-11DF2D867C9B}.Debug|Win32.ActiveCfg = Debug|Win32
		{FFAE0E63-7977-4974-BAE7-11DF2D867C9B}.Debug|Win32.Build.0 = Debug|Win32
		{FFAE0E63-7977-4974-BAE7-11DF2D867C9B}.Debug|x64.ActiveCfg = Debug|Win32
		{FFAE0E63-7977-4974-BAE7-11DF2D867C9B}.Release|Win32.ActiveCfg = Release|Win32
		{FFAE0E63-7977-4974-BAE7-11DF2D867C9B}.Release|Win32.Build.0 = Release|Win32
		{FFAE0E63-7977-4974-BAE7-11DF2D867C9B}.Release|x64.ActiveCfg = Release|Win32
		{9D1227C4-2A27-42C8-A415-AA7FC0385B75}.Debug|Win32.ActiveCfg = Debug|Win32
		{9D1227C4-2A27-42C8-A415-AA7FC0385B75}.Debug|Win32.Build.0 = Debug|Win32
		{9D1227C4-2A27-42C8-A415-AA7FC0385B75}.Debug|x64.ActiveCfg = Debug|Win32
		{9D1227C4-2A27-42C8-A415-AA7FC0385B75}.Release|Win32.ActiveCfg = Release|Win32
		{9D1227C4-2A27-42C8-A415-AA7FC0385B75}.Release|Win32.Build.0 = Release|Win32
		{9D1227C4-2A27-42C8-A415-AA7FC0385B75}.Release|x64.ActiveCfg = Release|Win32
		{F335B506-3795-47F7-86BF-831D13BAFD1F}.Debug|Win32.ActiveCfg = Debug|Win32
		{F335B506-3795-47F7-86BF-831D13BAFD1F}.Debug|Win32.Build.0 = Debug|Win32
		{F335B506-3795-47F7-86BF-831D13BAFD1F}.Debug|x64.ActiveCfg = Debug|Win32
		{F335B506-3795-47F7-86BF-831D13BAFD1F}.Release|Win32.ActiveCfg = Release|Win32
		{F335B506-3795-47F7-86BF-831D13BAFD1F}.Release|Win32.Build.0 = Release|Win32
		{F335B506-3795-47F7-86BF-831D13BAFD1F}.Release|x64.ActiveCfg = Release|Win32
		{1B77DA73-8846-4B09-A171-E8F5BC740A04}.Debug|Win32.ActiveCfg = Debug|Win32
		{1B77DA73-8846-4B09-A171-E8F5BC740A04}.Debug|Win32.Build.0 = Debug|Win32
		{1B77DA73-8846-4B09-A171-E8F5BC740A04}.Debug|x64.ActiveCfg = Debug|Win32
		{1B77DA73-8846-4B09-A171-E8F5BC740A04}.Release|Win32.ActiveCfg = Release|Win32
		{1B77DA73-8846-4B09-A171-E8F5BC740A04}.Release|Win32.Build.0 = Release|Win32
		{1B77DA73-8846-4B09-A171-E8F5BC740A04}.Release|x64.ActiveCfg = Release|Win32
		{8DD218CE-E30B-4584-81EF-162D2CE1ECC9}.Debug|Win32.ActiveCfg = Debug|Win32
		{8DD218CE-E30B-4584-81EF-162D2CE1ECC9}.Debug|Win32.Build.0 = Debug|Win32
		{8DD218CE-E30B-4584-81EF-162D2CE1ECC9}.Debug|x64.ActiveCfg = Debug|Win32
		{8DD218CE-E30B-4584-81EF-162D2CE1ECC9}.Release|Win32.ActiveCfg = Release|Win32
		{8DD218CE-E30B-4584-81EF-162D2CE1ECC9}.Release|Win32.Build.0 = Release|Win32
		{8DD218CE-E30B-4584-81EF-162D2CE1ECC9}.Release|x64.ActiveCfg = Release|Win32
		{1FF4D21C-2EF9-47CC-B225-D39B468C67BA}.Debug|Win32.ActiveCfg = Debug|Win32
		{1FF4D21C-2EF9-47CC-B225-D39B468C67BA}.Debug|Win32.Build.0 = Debug|Win32
		{1FF4D21C-2EF9-47CC-B225-D39B468C67BA}.Debug|x64.ActiveCfg = Debug|Win32
		{1FF4D21C-2EF9-47CC-B225-D39B468C67BA}.Release|Win32.ActiveCfg = Release|Win32
		{1FF4D21C-2EF9-47CC-B225-D39B468C67BA}.Release|Win32.Build.0 = Release|Win32
		{1FF4D21C-2EF9-47CC-B225-D39B468C67BA}.Release|x64.ActiveCfg = Release|Win32
		{70A5E7DA-F1F1-4D17-B9D8-4034ADAA67A6}.Debug|Win32.ActiveCfg = Debug|Win32
		{70A5E7DA-F1F1-4D17-B9D8-4034ADAA67A6}.Debug|Win32.Build.0 = Debug|Win32
		{70A5E7DA-F1F1-4D17-B9D8-4034ADAA67A6}.Debug|x64.ActiveCfg = Debug|Win32
		{70A5E7DA-F1F1-4D17-B9D8-4034ADAA67A6}.Release|Win32.ActiveCfg = Release|Win32
		{70A5E7DA-F1F1-4D17-B9D8-4034ADAA67A6}.Release|Win32.Build.0 = Release|Win32
		{70A5E7DA-F1F1-4D17-B9D8-4034ADAA67A6}.Release|x64.ActiveCfg = Release|Win32
		{0F934344-2128-4454-93B8-29B5554FA67C}.Debug|Win32.ActiveCfg = Debug|Win32
		{0F934344-2128-4454-93B8-29B5554FA67C}.Debug|Win32.Build.0 = Debug|Win32
		{0F934344-2128-4454-93B8-29B5554FA67C}.Debug|x64.ActiveCfg = Debug|Win32
		{0F934344-2128-4454-93B8-29B5554FA67C}.Release|Win32.ActiveCfg = Release|Win32
		{0F934344-2128-4454-93B8-29B5554FA67C}.Release|Win32.Build.0 = Release|Win32
		{0F934344-2128-4454-93B8-29B5554FA67C}.Release|x64.ActiveCfg = Release|Win32
		{99C721FE-ED09-4F03-A98A-956C517CFB9A}.Debug|Win32.ActiveCfg = Debug|Win32
		{99C721FE-ED09-4F03-A98A-956C517CFB9A}.Debug|Win32.Build.0 = Debug|Win32
		{99C721FE-ED09-4F03-A98A-956C517CFB9A}.Debug|x64.ActiveCfg = Debug|Win32
		{99C721FE-ED09-4F03-A98A-956C517CFB9A}.Release|Win32.ActiveCfg = Release|Win32
		{99C721FE-ED09-4F03-A98A-956C517CFB9A}.Release|Win32.Build.0 = Release|Win32
		{99C721FE-ED09-4F03-A98A-956C517CFB9A}.Release|x64.ActiveCfg = Release|Win32
		{9F4862A0-0ABA-4F87-8C54-41334E34A4E5}.Debug|Win32.ActiveCfg = Debug|Win32
		{9F4862A0-0ABA-4F87-8C54-41334E34A4E5}.Debug|Win32.Build.0 = Debug|Win32
		{9F4862A0-0ABA-4F87-8C54-41334E34A4E5}.Debug|x64.ActiveCfg = Debug|Win32
		{9F4862A0-0ABA-4F87-8C54-41334E34A4E5}.Release|Win32.ActiveCfg = Release|Win32
		{9F4862A0-0ABA-4F87-8C54-41334E34A4E5}.Release|Win32.Build.0 = Release|Win32
		{9F4862A0-0ABA-4F87-8C54-41334E34A4E5}.Release|x64.ActiveCfg = Release|Win32
		{EB5C51DB-8E79-44AA-8BC6-A361B0BF23FB}.Debug|Win32.ActiveCfg = Debug|Win32
		{EB5C51DB-8E79-44AA-8BC6-A361B0BF23FB}.Debug|Win32.Build.0 = Debug|Win32
		{EB5C51DB-8E79-44AA-8BC6-A361B0BF23FB}.Debug|x64.ActiveCfg = Debug|Win32
		{EB5C51DB-8E79-44AA-8BC6-A361B0BF23FB}.Release|Win32.ActiveCfg = Release|Win32
		{EB5C51DB-8E79-44AA-8BC6-A361B0BF23FB}.Release|Win32.Build.0 = Release|Win32
		{EB5C51DB-8E79-44AA-8BC6-A361B0BF23FB}.Release|x64.ActiveCfg = Release|Win32
		{06F1F769-C49B-47FC-8C46-71EB23D797FD}.Debug|Win32.ActiveCfg = Debug|Win32
		{06F1F769-C49B-47FC-8C46-71EB23D797FD}.Debug|Win32.Build.0 = Debug|Win32
		{06F1F769-C49B-47FC-8C46-71EB23D797FD}.Debug|x64.ActiveCfg = Debug|Win32
		{06F1F769-C49B-47FC-8C46-71EB23D797FD}.Release|Win32.ActiveCfg = Release|Win32
		{06F1F769-C49B-47FC-8C46-71EB23D797FD}.Release|Win32.Build.0 = Release|Win32
		{06F1F769-C49B-47FC-8C46-71EB23D797FD}.Release|x64.ActiveCfg = Release|Win32
		{ACC7F6BC-F376-4343-8508-F15247AA31F2}.Debug|Win32.ActiveCfg = Debug|Win32
		{ACC7F6BC-F376-4343-8508-F15247AA31F2}.Debug|Win32.Build.0 = Debug|Win32
		{ACC7F6BC-F376-4343-8508-F15247AA31F2}.Debug|x64.ActiveCfg = Debug|Win32
		{ACC7F6BC-F376-4343-8508-F15247AA31F2}.Release|Win32.ActiveCfg = Release|Win32
		{ACC7F6BC-F376-4343-8508-F15247AA31F2}.Release|Win32.Build.0 = Release|Win32
		{ACC7F6BC-F376-4343-8508-F15247AA31F2}.Release|x64.ActiveCfg = Release|Win32
		{10EC28DD-C299-4757-884E-70524C10021E}.Debug|Win32.ActiveCfg = Debug|Win32
		{10EC28DD-C299-4757-884E-70524C10021E}.Debug|Win32.Build.0 = Debug|Win32
		{10EC28DD-C299-4757-884E-70524C10021E}.Debug|x64.ActiveCfg = Debug|Win32
		{10EC28DD-C299-4757-884E-70524C10021E}.Release|Win32.ActiveCfg = Release|Win32
		{10EC28DD-C299-4757-884E-70524C10021E}.Release|Win32.Build.0 = Release|Win32
		{10EC28DD-C299-4757-884E-70524C10021E}.Release|x64.ActiveCfg = Release|Win32
		{5AEC1AAB-AC35-46D1-8163-35DF9C3BFC3E}.Debug|Win32.ActiveCfg = Debug|Win32
		{5AEC1AAB-AC35-46D1-8163-35DF9C3BFC3E}.Debug|Win32.Build.0 = Debug|Win32
		{5AEC1AAB-AC35-46D1-8163-35DF9C3BFC3E}.Debug|x64.ActiveCfg = Debug|Win32
		{5AEC1AAB-AC35-46D1-8163-35DF9C3BFC3E}.Release|Win32.ActiveCfg = Release|Win32
		{5AEC1AAB-AC35-46D1-8163-35DF9C3BFC3E}.Release|Win32.Build.0 = Release|Win32
		{5AEC1AAB-AC35-46D1-8163-35DF9C3BFC3E}.Release|x64.ActiveCfg = Release|Win32
		{4EE23485-7ADF-43DD-99DE-FF0A82CEDF34}.Debug|Win32.ActiveCfg = Debug|Win32
		{4EE23485-7ADF-43DD-99DE-FF0A82CEDF34}.Debug|Win32.Build.0 = Debug|Win32
		{4EE23485-7ADF-43DD-99DE-FF0A82CEDF34}.Debug|x64.ActiveCfg = Debug|Win32
		{4EE23485-7ADF-43DD-99DE-FF0A82CEDF34}.Release|Win32.ActiveCfg = Release|Win32
		{4EE23485-7ADF-43DD-99DE-FF0A82CEDF34}.Release|Win32.Build.0 = Release|Win32
		{4EE23485-7ADF-43DD-99DE-FF0A82CEDF34}.Release|x64.ActiveCfg = Release|Win32
		{6F2FD4D0-3B7B-4300-A83A-726F6E316A2B}.Debug|Win32.ActiveCfg = Debug|Win32
		{6F2FD4D0-3B7B-4300-A83A-726F6E316A2B}.Debug|Win32.Build.0 = Debug|Win32
		{6F2FD4D0-3B7B-4300-A83A-726F6E316A2B}.Debug|x64.ActiveCfg = Debug|Win32
		{6F2FD4D0-3B7B-4300-A83A-726F6E316A2B}.Release|Win32.ActiveCfg = Release|Win32
		{6F2FD4D0-3B7B-4300-A83A-726F6E316A2B}.Release|Win32.Build.0 = Release|Win32
		{6F2FD4D0-3B7B-4300-A83A-726F6E316A2B}.Release|x64.ActiveCfg = Release|Win32
		{1E5ACD28-B5F5-40CD-94D8-D3199B0AD955}.Debug|Win32.ActiveCfg = Debug|Win32
		{1E5ACD28-B5F5-40CD-94D8-D3199B0AD955}.Debug|Win32.Build.0 = Debug|Win32
		{1E5ACD28-B5F5-40CD-94D8-D3199B0AD955}.Debug|x64.ActiveCfg = Debug|Win32
		{1E5ACD28-B5F5-40CD-94D8-D3199B0AD955}.Release|Win32.ActiveCfg = Release|Win32
		{1E5ACD28-B5F5-40CD-94D8-D3199B0AD955}.Release|Win32.Build.0 = Release|Win32
		{1E5ACD28-B5F5-40CD-94D8-D3199B0AD955}.Release|x64.ActiveCfg = Release|Win32
		{D9972E34-C205-45E2-9630-EA7B145BBE75}.Debug|Win32.ActiveCfg = Debug|Win32
		{D9972E34-C205-45E2-9630-EA7B145BBE75}.Debug|Win32.Build.0 = Debug|Win32
		{D9972E34-C205-45E2-9630-EA7B145BBE75}.Debug|x64.ActiveCfg = Debug|Win32
		{D9972E34-C205-45E2-9630-EA7B145BBE75}.Release|Win32.ActiveCfg = Release|Win32
		{D9972E34-C205-45E2-9630-EA7B145BBE75}.Release|Win32.Build.0 = Release|Win32
		{D9972E34-C205-45E2-9630-EA7B145BBE75}.Release|x64.ActiveCfg = Release|Win32
		{A1E58715-7388-4DCB-927B-72F489B59C87}.Debug|Win32.ActiveCfg = Debug|Win32
		{A1E58715-7388-4DCB-927B-72F489B59C87}.Debug|Win32.Build.0 = Debug|Win32
		{A1E58715-7388-4DCB-927B-72F489B59C87}.Debug|x64.ActiveCfg = Debug|Win32
		{A1E58715-7388-4DCB-927B-72F489B59C87}.Release|Win32.ActiveCfg = Release|Win32
		{A1E58715-7388-4DCB-927B-72F489B59C87}.Release|Win32.Build.0 = Release|Win32
		{A1E58715-7388-4DCB-927B-72F489B59C87}.Release|x64.ActiveCfg = Release|Win32
		{0887004F-FEE7-4CAA-9CB5-87ACC51ABCDE}.Debug|Win32.ActiveCfg = Debug|Win32
		{0887004F-FEE7-4CAA-9CB5-87ACC51ABCDE}.Debug|Win32.Build.0 = Debug|Win32
		{0887004F-FEE7-4CAA-9CB5-87ACC51ABCDE}.Debug|x64.ActiveCfg = Debug|Win32
		{0887004F-FEE7-4CAA-9CB5-87ACC51ABCDE}.Release|Win32.ActiveCfg = Release|Win32
		{0887004F-FEE7-4CAA-9CB5-87ACC51ABCDE}.Release|Win32.Build.0 = Release|Win32
		{0887004F-FEE7-4CAA-9CB5-87ACC51ABCDE}.Release|x64.ActiveCfg = Release|Win32
		{5DF6B014-AD67-4D45-A729-023418C9E08A}.Debug|Win32.ActiveCfg = Debug|Win32
		{5DF6B014-AD67-4D45-A729-023418C9E08A}.Debug|Win32.Build.0 = Debug|Win32
		{5DF6B014-AD67-4D45-A729-023418C9E08A}.Debug|x64.ActiveCfg = Debug|Win32
		{5DF6B014-AD67-4D45-A729-023418C9E08A}.Release|Win32.ActiveCfg = Release|Win32
		{5DF6B014-AD67-4D45-A729-023418C9E08A}.Release|Win32.Build.0 = Release|Win32
		{5DF6B014-AD67-4D45-A729-023418C9E08A}.Release|x64.ActiveCfg = Release|Win32
		{8A7613D8-6EFC-41BB-B3CD-A0F0C4188B09}.Debug|Win32.ActiveCfg = Debug|Win32
		{8A7613D8-6EFC-41BB-B3CD-A0F0C4188B09}.Debug|Win32.Build.0 = Debug|Win32
		{8A7613D8-6EFC-41BB-B3CD-A0F0C4188B09}.Debug|x64.ActiveCfg = Debug|Win32
		{8A7613D8-6EFC-41BB-B3CD-A0F0C4188B09}.Release|Win32.ActiveCfg = Release|Win32
		{8A7613D8-6EFC-41BB-B3CD-A0F0C4188B09}.Release|Win32.Build.0 = Release|Win32
		{8A7613D8-6EFC-41BB-B3CD-A0F0C4188B09}.Release|x64.ActiveCfg = Release|Win32
	EndGlobalSection
	GlobalSection(SolutionProperties) = preSolution
		HideSolutionNode = FALSE
	EndGlobalSection
	GlobalSection(NestedProjects) = preSolution
		{0A37649F-6E9F-4030-B8DD-D040E2636CB1} = {6CC150F8-546A-485B-90B8-1B4E810202E8}
		{2BFF714B-A87A-4D98-AA3C-C9140EAA02ED} = {6CC150F8-546A-485B-90B8-1B4E810202E8}
		{B609B107-04BB-4B5A-9B7C-23820536AC51} = {6CC150F8-546A-485B-90B8-1B4E810202E8}
		{D196BDDF-9107-4397-88C6-8F264C7AA808} = {6CC150F8-546A-485B-90B8-1B4E810202E8}
		{D4668531-73E6-43B9-BB9B-6CFB6EEC395E} = {6CC150F8-546A-485B-90B8-1B4E810202E8}
		{FFAE0E63-7977-4974-BAE7-11DF2D867C9B} = {6CC150F8-546A-485B-90B8-1B4E810202E8}
		{9D1227C4-2A27-42C8-A415-AA7FC0385B75} = {6CC150F8-546A-485B-90B8-1B4E810202E8}
		{F335B506-3795-47F7-86BF-831D13BAFD1F} = {6CC150F8-546A-485B-90B8-1B4E810202E8}
		{1B77DA73-8846-4B09-A171-E8F5BC740A04} = {6CC150F8-546A-485B-90B8-1B4E810202E8}
		{8DD218CE-E30B-4584-81EF-162D2CE1ECC9} = {6CC150F8-546A-485B-90B8-1B4E810202E8}
		{1FF4D21C-2EF9-47CC-B225-D39B468C67BA} = {6CC150F8-546A-485B-90B8-1B4E810202E8}
		{70A5E7DA-F1F1-4D17-B9D8-4034ADAA67A6} = {6CC150F8-546A-485B-90B8-1B4E810202E8}
		{0F934344-2128-4454-93B8-29B5554FA67C} = {6CC150F8-546A-485B-90B8-1B4E810202E8}
		{99C721FE-ED09-4F03-A98A-956C517CFB9A} = {6CC150F8-546A-485B-90B8-1B4E810202E8}
		{9F4862A0-0ABA-4F87-8C54-41334E34A4E5} = {6CC150F8-546A-485B-90B8-1B4E810202E8}
		{EB5C51DB-8E79-44AA-8BC6-A361B0BF23FB} = {6CC150F8-546A-485B-90B8-1B4E810202E8}
		{06F1F769-C49B-47FC-8C46-71EB23D797FD} = {6CC150F8-546A-485B-90B8-1B4E810202E8}
		{ACC7F6BC-F376-4343-8508-F15247AA31F2} = {6CC150F8-546A-485B-90B8-1B4E810202E8}
		{10EC28DD-C299-4757-884E-70524C10021E} = {6CC150F8-546A-485B-90B8-1B4E810202E8}
		{5AEC1AAB-AC35-46D1-8163-35DF9C3BFC3E} = {6CC150F8-546A-485B-90B8-1B4E810202E8}
		{4EE23485-7ADF-43DD-99DE-FF0A82CEDF34} = {6CC150F8-546A-485B-90B8-1B4E810202E8}
		{6F2FD4D0-3B7B-4300-A83A-726F6E316A2B} = {6CC150F8-546A-485B-90B8-1B4E810202E8}
		{1E5ACD28-B5F5-40CD-94D8-D3199B0AD955} = {6CC150F8-546A-485B-90B8-1B4E810202E8}
		{D9972E34-C205-45E2-9630-EA7B145BBE75} = {6CC150F8-546A-485B-90B8-1B4E810202E8}
		{A1E58715-7388-4DCB-927B-72F489B59C87} = {6CC150F8-546A-485B-90B8-1B4E810202E8}
		{0887004F-FEE7-4CAA-9CB5-87ACC51ABCDE} = {6CC150F8-546A-485B-90B8-1B4E810202E8}
		{5DF6B014-AD67-4D45-A729-023418C9E08A} = {6CC150F8-546A-485B-90B8-1B4E810202E8}
		{8A7613D8-6EFC-41BB-B3CD-A0F0C4188B09} = {6CC150F8-546A-485B-90B8-1B4E810202E8}
	EndGlobalSection
EndGlobal
